<?xml version="1.0" encoding="utf-8"?>
<Project ToolsVersion="12.0" xmlns="http://schemas.microsoft.com/developer/msbuild/2003">
  <ItemGroup>
    <Filter Include="ExperimentalCode">
      <UniqueIdentifier>{ddba552d-b465-4878-9a47-3150ef968ba7}</UniqueIdentifier>
    </Filter>
    <Filter Include="IniData">
      <UniqueIdentifier>{ec82998e-8701-44cd-aaf5-c87116fb2b1a}</UniqueIdentifier>
    </Filter>
    <Filter Include="MiscFunctions">
      <UniqueIdentifier>{9395b110-4839-49e5-9f7e-e48ca7e67294}</UniqueIdentifier>
    </Filter>
    <Filter Include="VariableLists">
      <UniqueIdentifier>{fcb60964-20c5-418e-a204-a18fb5d33e16}</UniqueIdentifier>
    </Filter>
    <Filter Include="VariableConversionFunctions">
      <UniqueIdentifier>{a3c4ef35-0fc3-463d-815d-3353c3ad8c5a}</UniqueIdentifier>
    </Filter>
    <Filter Include="StringFunctions">
      <UniqueIdentifier>{f6451db0-8f1f-41c7-bfd9-61101b8a9af5}</UniqueIdentifier>
    </Filter>
    <Filter Include="QuadVector">
      <UniqueIdentifier>{0174033f-2ed5-4c7c-8721-4ded65217218}</UniqueIdentifier>
    </Filter>
    <Filter Include="NodeTrees">
      <UniqueIdentifier>{879acdb9-f5ee-4cb7-98a8-12ccb147ee4a}</UniqueIdentifier>
    </Filter>
    <Filter Include="Documentation">
      <UniqueIdentifier>{4d2d888d-67fc-4cff-96bc-251bd10f1726}</UniqueIdentifier>
    </Filter>
  </ItemGroup>
  <ItemGroup>
    <ClInclude Include="$(MSBuildThisFileDirectory)ExperimentalCode\CustomDec.h">
      <Filter>ExperimentalCode</Filter>
    </ClInclude>
    <ClInclude Include="$(MSBuildThisFileDirectory)ExperimentalCode\SuperDec.h">
      <Filter>ExperimentalCode</Filter>
    </ClInclude>
    <ClInclude Include="$(MSBuildThisFileDirectory)ExperimentalCode\SuperDecHex.h">
      <Filter>ExperimentalCode</Filter>
    </ClInclude>
    <ClInclude Include="$(MSBuildThisFileDirectory)ExperimentalCode\CustomDec_UnsignedTemplates.h">
      <Filter>ExperimentalCode</Filter>
    </ClInclude>
    <ClInclude Include="$(MSBuildThisFileDirectory)IniData\IniData.h">
      <Filter>IniData</Filter>
    </ClInclude>
    <ClInclude Include="$(MSBuildThisFileDirectory)MiscFunctions\MiscFunctions.h">
      <Filter>MiscFunctions</Filter>
    </ClInclude>
    <ClInclude Include="$(MSBuildThisFileDirectory)VariableLists\StringVectorList.h">
      <Filter>VariableLists</Filter>
    </ClInclude>
    <ClInclude Include="$(MSBuildThisFileDirectory)VariableLists\VariableList.h">
      <Filter>VariableLists</Filter>
    </ClInclude>
    <ClInclude Include="$(MSBuildThisFileDirectory)VariableLists\VariableTypeLists.h">
      <Filter>VariableLists</Filter>
    </ClInclude>
    <ClInclude Include="$(MSBuildThisFileDirectory)VariableLists\VariableVectorFunctions.h">
      <Filter>VariableLists</Filter>
    </ClInclude>
    <ClInclude Include="$(MSBuildThisFileDirectory)VariableConversionFunctions\VariableConversionFunctions.h">
      <Filter>VariableConversionFunctions</Filter>
    </ClInclude>
    <ClInclude Include="$(MSBuildThisFileDirectory)StringFunctions\StringFunctions.h">
      <Filter>StringFunctions</Filter>
    </ClInclude>
    <ClInclude Include="$(MSBuildThisFileDirectory)QuadVector\QuadVector.h">
      <Filter>QuadVector</Filter>
    </ClInclude>
    <ClInclude Include="$(MSBuildThisFileDirectory)QuadVector\QuadVectorFunctions.h">
      <Filter>QuadVector</Filter>
    </ClInclude>
    <ClInclude Include="$(MSBuildThisFileDirectory)NodeTrees\LooseNodeTreeTemplate.h">
      <Filter>NodeTrees</Filter>
    </ClInclude>
    <ClInclude Include="$(MSBuildThisFileDirectory)NodeTrees\TagNodeTreeTemplate.h">
      <Filter>NodeTrees</Filter>
    </ClInclude>
    <ClInclude Include="$(MSBuildThisFileDirectory)NodeTrees\TagPosition.h">
      <Filter>NodeTrees</Filter>
    </ClInclude>
    <ClInclude Include="$(MSBuildThisFileDirectory)NodeTrees\VariableData.h">
      <Filter>NodeTrees</Filter>
    </ClInclude>
    <ClInclude Include="$(MSBuildThisFileDirectory)NodeTrees\XMLOption.h">
      <Filter>NodeTrees</Filter>
    </ClInclude>
    <ClInclude Include="$(MSBuildThisFileDirectory)NodeTrees\XMLTagTree.h">
      <Filter>NodeTrees</Filter>
    </ClInclude>
    <ClInclude Include="$(MSBuildThisFileDirectory)ExperimentalCode\CustomDec_Templates.h">
      <Filter>ExperimentalCode</Filter>
    </ClInclude>
    <ClInclude Include="$(MSBuildThisFileDirectory)ExperimentalCode\SuperDec_ExtraDec64_19Decimal.h">
      <Filter>ExperimentalCode</Filter>
    </ClInclude>
  </ItemGroup>
  <ItemGroup>
    <ClCompile Include="$(MSBuildThisFileDirectory)ExperimentalCode\SuperDec.cpp">
      <Filter>ExperimentalCode</Filter>
    </ClCompile>
    <ClCompile Include="$(MSBuildThisFileDirectory)ExperimentalCode\SuperDecHex.cpp">
      <Filter>ExperimentalCode</Filter>
    </ClCompile>
    <ClCompile Include="$(MSBuildThisFileDirectory)IniData\IniData.cpp">
      <Filter>IniData</Filter>
    </ClCompile>
    <ClCompile Include="$(MSBuildThisFileDirectory)MiscFunctions\MiscFunctions.cpp">
      <Filter>MiscFunctions</Filter>
    </ClCompile>
    <ClCompile Include="$(MSBuildThisFileDirectory)VariableLists\StringVectorList.cpp">
      <Filter>VariableLists</Filter>
    </ClCompile>
    <ClCompile Include="$(MSBuildThisFileDirectory)VariableLists\VariableTypeLists.cpp">
      <Filter>VariableLists</Filter>
    </ClCompile>
    <ClCompile Include="$(MSBuildThisFileDirectory)VariableLists\VariableVectorFunctions.cpp">
      <Filter>VariableLists</Filter>
    </ClCompile>
    <ClCompile Include="$(MSBuildThisFileDirectory)VariableConversionFunctions\VariableConversionFunctions.cpp">
      <Filter>VariableConversionFunctions</Filter>
    </ClCompile>
    <ClCompile Include="$(MSBuildThisFileDirectory)StringFunctions\StringFunctions.cpp">
      <Filter>StringFunctions</Filter>
    </ClCompile>
    <ClCompile Include="$(MSBuildThisFileDirectory)QuadVector\QuadVector.cpp">
      <Filter>QuadVector</Filter>
    </ClCompile>
    <ClCompile Include="$(MSBuildThisFileDirectory)QuadVector\QuadVectorFunctions.cpp">
      <Filter>QuadVector</Filter>
    </ClCompile>
    <ClCompile Include="$(MSBuildThisFileDirectory)NodeTrees\TagNodeTreeTemplate.cpp">
      <Filter>NodeTrees</Filter>
    </ClCompile>
    <ClCompile Include="$(MSBuildThisFileDirectory)NodeTrees\TagPosition.cpp">
      <Filter>NodeTrees</Filter>
    </ClCompile>
    <ClCompile Include="$(MSBuildThisFileDirectory)NodeTrees\VariableData.cpp">
      <Filter>NodeTrees</Filter>
    </ClCompile>
    <ClCompile Include="$(MSBuildThisFileDirectory)NodeTrees\XMLOption.cpp">
      <Filter>NodeTrees</Filter>
    </ClCompile>
    <ClCompile Include="$(MSBuildThisFileDirectory)ExperimentalCode\SuperDec_ExtraDec64_19Decimal.cpp">
      <Filter>ExperimentalCode</Filter>
    </ClCompile>
  </ItemGroup>
  <ItemGroup>
    <Text Include="$(MSBuildThisFileDirectory)PreprocessorVariables.txt">
      <Filter>Documentation</Filter>
    </Text>
  </ItemGroup>
  <ItemGroup>
    <None Include="$(MSBuildThisFileDirectory)SubfolderDescriptions">
      <Filter>Documentation</Filter>
    </None>
  </ItemGroup>
</Project>