<?xml version="1.0" encoding="utf-8"?>
<Project ToolsVersion="4.0" xmlns="http://schemas.microsoft.com/developer/msbuild/2003">
  <ItemGroup>
    <Filter Include="Source Files">
      <UniqueIdentifier>{4FC737F1-C7A5-4376-A066-2A32D752A2FF}</UniqueIdentifier>
      <Extensions>cpp;c;cc;cxx;def;odl;idl;hpj;bat;asm;asmx</Extensions>
    </Filter>
    <Filter Include="Header Files">
      <UniqueIdentifier>{93995380-89BD-4b04-88EB-625FBE52EBFB}</UniqueIdentifier>
      <Extensions>h;hh;hpp;hxx;hm;inl;inc;ipp;xsd</Extensions>
    </Filter>
    <Filter Include="Resource Files">
      <UniqueIdentifier>{67DA6AB6-F800-4c08-8B7A-83BB121AAD01}</UniqueIdentifier>
      <Extensions>rc;ico;cur;bmp;dlg;rc2;rct;bin;rgs;gif;jpg;jpeg;jpe;resx;tiff;tif;png;wav;mfcribbon-ms</Extensions>
    </Filter>
    <Filter Include="GlobalCode_ExperimentalCode">
      <UniqueIdentifier>{35796dea-6cba-4616-8b0a-be2150fcce53}</UniqueIdentifier>
    </Filter>
    <Filter Include="GlobalCode_VariableConversionFunctions">
      <UniqueIdentifier>{dce33406-3f88-4655-9617-a4fb96a9cb10}</UniqueIdentifier>
    </Filter>
    <Filter Include="GlobalCode_IniData">
      <UniqueIdentifier>{ca70d12d-cafa-49e3-bc6c-bc4732023273}</UniqueIdentifier>
    </Filter>
    <Filter Include="tsl">
      <UniqueIdentifier>{92e1762e-a2d0-4d1a-921e-505f0de9d980}</UniqueIdentifier>
    </Filter>
    <Filter Include="LayoutReference">
      <UniqueIdentifier>{330f6044-7ff4-43aa-9958-43f6e793e392}</UniqueIdentifier>
    </Filter>
    <Filter Include="GlobalCode_VariableLists">
      <UniqueIdentifier>{bc952275-4215-4886-8ecd-812dcaf78403}</UniqueIdentifier>
    </Filter>
  </ItemGroup>
  <ItemGroup>
    <ClInclude Include="pch.h">
      <Filter>Header Files</Filter>
    </ClInclude>
    <ClInclude Include="$(CPPSource)\DLLAPI.h">
      <Filter>Header Files</Filter>
    </ClInclude>
    <ClInclude Include="$(CPPSource)\GlobalCode_QuadVector\QuadVector.h">
      <Filter>Header Files</Filter>
    </ClInclude>
    <ClInclude Include="$(CPPSource)\GlobalCode_QuadVector\QuadVectorFunctions.h">
      <Filter>Header Files</Filter>
    </ClInclude>
    <ClInclude Include="$(CPPSource)\GlobalCode_StringFunctions\StringFunctions.h">
      <Filter>Header Files</Filter>
    </ClInclude>
    <ClInclude Include="$(CPPSource)\GlobalCode_VariableConversionFunctions\VariableConversionFunctions.h">
      <Filter>Header Files</Filter>
    </ClInclude>
    <ClInclude Include="$(CPPSource)\GlobalCode_VariableLists\StringVectorList.h">
      <Filter>Header Files</Filter>
    </ClInclude>
    <ClInclude Include="$(CPPSource)\GlobalCode_ExperimentalCode\MediumDec.h">
      <Filter>Header Files</Filter>
    </ClInclude>
    <ClInclude Include="$(CPPSource)\PagedMultiviewTreeControl\TemplateMacros.h">
      <Filter>Header Files</Filter>
    </ClInclude>
    <ClInclude Include="$(CPPSource)\tsl\ordered_set.h">
      <Filter>tsl</Filter>
    </ClInclude>
    <ClInclude Include="$(CPPSource)\tsl\ordered_map.h">
      <Filter>tsl</Filter>
    </ClInclude>
    <ClInclude Include="$(CPPSource)\tsl\ordered_hash.h">
      <Filter>tsl</Filter>
    </ClInclude>
    <ClInclude Include="$(CPPSource)\GlobalCode_IniData\IndexedDictionary.h">
      <Filter>GlobalCode_IniData</Filter>
    </ClInclude>
    <ClInclude Include="$(CPPSource)\GlobalCode_IniData\IndexedPDictionary.h">
      <Filter>GlobalCode_IniData</Filter>
    </ClInclude>
    <ClInclude Include="$(CPPSource)\GlobalCode_IniData\IniDataV2.h">
      <Filter>GlobalCode_IniData</Filter>
    </ClInclude>
    <ClInclude Include="$(CPPSource)\GlobalCode_IniData\CustomOrderedDictionary.h">
      <Filter>GlobalCode_IniData</Filter>
    </ClInclude>
    <ClInclude Include="$(CPPSource)\GlobalCode_IniData\CustomDictionary.h">
      <Filter>GlobalCode_IniData</Filter>
    </ClInclude>
    <ClInclude Include="$(CPPSource)\GlobalCode_IniData\OrderedPointerDictionary.h">
      <Filter>GlobalCode_IniData</Filter>
    </ClInclude>
    <ClInclude Include="$(CPPSource)\GlobalCode_IniData\PointerDictionary.h">
      <Filter>GlobalCode_IniData</Filter>
    </ClInclude>
    <ClInclude Include="PagedMultiviewTreeControl\CustomTreeNode.h">
      <Filter>LayoutReference</Filter>
    </ClInclude>
    <ClInclude Include="PagedMultiviewTreeControl\CustomTreeView.h">
      <Filter>LayoutReference</Filter>
    </ClInclude>
    <ClInclude Include="GlobalCode_ExperimentalCode\ConvertableP.h">
      <Filter>GlobalCode_ExperimentalCode</Filter>
    </ClInclude>
    <ClInclude Include="$(CPPSource)\GlobalCode_VariableLists\VariableList.h">
      <Filter>GlobalCode_VariableLists</Filter>
    </ClInclude>
    <ClInclude Include="$(CPPSource)\GlobalCode_VariableLists\VariableTypeLists.h">
      <Filter>GlobalCode_VariableLists</Filter>
    </ClInclude>
    <ClInclude Include="$(CPPSource)\GlobalCode_VariableLists\VariableVectorFunctions.h">
      <Filter>GlobalCode_VariableLists</Filter>
    </ClInclude>
    <ClInclude Include="GlobalCode_ExperimentalCode\VirtualType.h">
      <Filter>GlobalCode_ExperimentalCode</Filter>
    </ClInclude>
  </ItemGroup>
  <ItemGroup>
    <ClCompile Include="CustomDecTester.cpp">
      <Filter>Source Files</Filter>
    </ClCompile>
    <ClCompile Include="$(CPPSource)\GlobalCode_QuadVector\QuadVector.cpp">
      <Filter>Source Files</Filter>
    </ClCompile>
    <ClCompile Include="$(CPPSource)\GlobalCode_QuadVector\QuadVectorFunctions.cpp">
      <Filter>Source Files</Filter>
    </ClCompile>
    <ClCompile Include="$(CPPSource)\GlobalCode_StringFunctions\StringFunctions.cpp">
      <Filter>Source Files</Filter>
    </ClCompile>
    <ClCompile Include="$(CPPSource)\GlobalCode_VariableConversionFunctions\VariableConversionFunctions.cpp">
      <Filter>Source Files</Filter>
    </ClCompile>
    <ClCompile Include="$(CPPSource)\GlobalCode_VariableLists\StringVectorList.cpp">
      <Filter>Source Files</Filter>
    </ClCompile>
    <ClCompile Include="$(CPPSource)\GlobalCode_VariableLists\VariableTypeLists.cpp">
      <Filter>Source Files</Filter>
    </ClCompile>
    <ClCompile Include="$(CPPSource)\GlobalCode_VariableLists\VariableVectorFunctions.cpp">
      <Filter>Source Files</Filter>
    </ClCompile>
    <ClCompile Include="$(CPPSource)\GlobalCode_ExperimentalCode\MediumDec.cpp">
      <Filter>Source Files</Filter>
    </ClCompile>
    <ClCompile Include="$(CPPSource)\GlobalCode_IniData\IniDataV2.cpp">
      <Filter>GlobalCode_IniData</Filter>
    </ClCompile>
  </ItemGroup>
</Project>