<?xml version="1.0" encoding="utf-8"?>
<Project ToolsVersion="4.0" xmlns="http://schemas.microsoft.com/developer/msbuild/2003">
  <ItemGroup>
    <Filter Include="Source Files">
      <UniqueIdentifier>{4FC737F1-C7A5-4376-A066-2A32D752A2FF}</UniqueIdentifier>
      <Extensions>cpp;c;cc;cxx;def;odl;idl;hpj;bat;asm;asmx</Extensions>
    </Filter>
    <Filter Include="Header Files">
      <UniqueIdentifier>{93995380-89BD-4b04-88EB-625FBE52EBFB}</UniqueIdentifier>
      <Extensions>h;hh;hpp;hxx;hm;inl;inc;xsd</Extensions>
    </Filter>
    <Filter Include="Resource Files">
      <UniqueIdentifier>{67DA6AB6-F800-4c08-8B7A-83BB121AAD01}</UniqueIdentifier>
      <Extensions>rc;ico;cur;bmp;dlg;rc2;rct;bin;rgs;gif;jpg;jpeg;jpe;resx;tiff;tif;png;wav;mfcribbon-ms</Extensions>
    </Filter>
    <Filter Include="Header Files\GlobalCode_ExperimentalCode">
      <UniqueIdentifier>{9d439afa-83b0-406f-9a85-f4849f86776d}</UniqueIdentifier>
    </Filter>
    <Filter Include="Header Files\GlobalCode_VariableLists">
      <UniqueIdentifier>{4fc75eeb-e54b-40ba-870d-a5ae978b9448}</UniqueIdentifier>
    </Filter>
    <Filter Include="Header Files\GlobalCode_NodeTrees">
      <UniqueIdentifier>{02ec63fa-d3ae-4170-aec9-4d2298797644}</UniqueIdentifier>
    </Filter>
    <Filter Include="Header Files\GlobalCode_IniData">
      <UniqueIdentifier>{3ce166ac-987c-4b98-92dd-e6a4be655b67}</UniqueIdentifier>
    </Filter>
    <Filter Include="Header Files\GlobalCode_StringFunctions">
      <UniqueIdentifier>{fc1b9d3a-3926-45b8-aff2-53b7feb2c5dd}</UniqueIdentifier>
    </Filter>
    <Filter Include="Header Files\GlobalCode_MiscFunctions">
      <UniqueIdentifier>{31c7e4de-7248-49f1-855e-69fae5ce619e}</UniqueIdentifier>
    </Filter>
    <Filter Include="Header Files\GlobalCode_QuadVector">
      <UniqueIdentifier>{fdbe9b7e-8e20-4fab-8e12-1263cb153a6e}</UniqueIdentifier>
    </Filter>
    <Filter Include="Header Files\GlobalCode_VariableConversionFunctions">
      <UniqueIdentifier>{21d9dfef-1edb-43e5-8e5e-8a3f42b89735}</UniqueIdentifier>
    </Filter>
    <Filter Include="luple">
      <UniqueIdentifier>{0706e7ca-c3fc-4ad3-8a63-1c16834ec2ce}</UniqueIdentifier>
    </Filter>
  </ItemGroup>
  <ItemGroup>
    <ClInclude Include="BlazesCPPCLRGlobalCode.h">
      <Filter>Header Files</Filter>
    </ClInclude>
    <ClInclude Include="Stdafx.h">
      <Filter>Header Files</Filter>
    </ClInclude>
    <ClInclude Include="resource.h">
      <Filter>Header Files</Filter>
    </ClInclude>
    <ClInclude Include="..\GlobalCode\DLLAPI.h">
      <Filter>Header Files</Filter>
    </ClInclude>
    <ClInclude Include="..\GlobalCode\GlobalCode_ExperimentalCode\SuperDecHex.h">
      <Filter>Header Files\GlobalCode_ExperimentalCode</Filter>
    </ClInclude>
    <ClInclude Include="..\GlobalCode\GlobalCode_ExperimentalCode\VariableListV2.h">
      <Filter>Header Files\GlobalCode_ExperimentalCode</Filter>
    </ClInclude>
    <ClInclude Include="..\GlobalCode\GlobalCode_ExperimentalCode\MediumDec.h">
      <Filter>Header Files\GlobalCode_ExperimentalCode</Filter>
    </ClInclude>
    <ClInclude Include="..\GlobalCode\GlobalCode_VariableLists\StringVectorList.h">
      <Filter>Header Files\GlobalCode_VariableLists</Filter>
    </ClInclude>
    <ClInclude Include="..\GlobalCode\GlobalCode_VariableLists\VariableList.h">
      <Filter>Header Files\GlobalCode_VariableLists</Filter>
    </ClInclude>
    <ClInclude Include="..\GlobalCode\GlobalCode_VariableLists\VariableTypeLists.h">
      <Filter>Header Files\GlobalCode_VariableLists</Filter>
    </ClInclude>
    <ClInclude Include="..\GlobalCode\GlobalCode_VariableLists\VariableVectorFunctions.h">
      <Filter>Header Files\GlobalCode_VariableLists</Filter>
    </ClInclude>
    <ClInclude Include="..\GlobalCode\GlobalCode_NodeTrees\LooseNodeTreeTemplate.h">
      <Filter>Header Files\GlobalCode_NodeTrees</Filter>
    </ClInclude>
    <ClInclude Include="..\GlobalCode\GlobalCode_NodeTrees\TagNodeTreeTemplate.h">
      <Filter>Header Files\GlobalCode_NodeTrees</Filter>
    </ClInclude>
    <ClInclude Include="..\GlobalCode\GlobalCode_NodeTrees\TagPosition.h">
      <Filter>Header Files\GlobalCode_NodeTrees</Filter>
    </ClInclude>
    <ClInclude Include="..\GlobalCode\GlobalCode_NodeTrees\VariableData.h">
      <Filter>Header Files\GlobalCode_NodeTrees</Filter>
    </ClInclude>
    <ClInclude Include="..\GlobalCode\GlobalCode_NodeTrees\XMLOption.h">
      <Filter>Header Files\GlobalCode_NodeTrees</Filter>
    </ClInclude>
    <ClInclude Include="..\GlobalCode\GlobalCode_NodeTrees\XMLTagTree.h">
      <Filter>Header Files\GlobalCode_NodeTrees</Filter>
    </ClInclude>
    <ClInclude Include="..\GlobalCode\GlobalCode_ExperimentalCode\BufferedVariable.h">
      <Filter>Header Files\GlobalCode_ExperimentalCode</Filter>
    </ClInclude>
    <ClInclude Include="..\GlobalCode\GlobalCode_ExperimentalCode\BufferedVariableArray.h">
      <Filter>Header Files\GlobalCode_ExperimentalCode</Filter>
    </ClInclude>
    <ClInclude Include="..\GlobalCode\GlobalCode_ExperimentalCode\CustomDec.h">
      <Filter>Header Files\GlobalCode_ExperimentalCode</Filter>
    </ClInclude>
    <ClInclude Include="..\GlobalCode\GlobalCode_IniData\DictionaryList.h">
      <Filter>Header Files\GlobalCode_IniData</Filter>
    </ClInclude>
    <ClInclude Include="..\GlobalCode\GlobalCode_IniData\CustomDictionary.h">
      <Filter>Header Files\GlobalCode_IniData</Filter>
    </ClInclude>
    <ClInclude Include="..\GlobalCode\GlobalCode_IniData\CustomOrderedDictionary.h">
      <Filter>Header Files\GlobalCode_IniData</Filter>
    </ClInclude>
    <ClInclude Include="..\GlobalCode\GlobalCode_IniData\IndexedDictionary.h">
      <Filter>Header Files\GlobalCode_IniData</Filter>
    </ClInclude>
    <ClInclude Include="..\GlobalCode\GlobalCode_IniData\IniData.h">
      <Filter>Header Files\GlobalCode_IniData</Filter>
    </ClInclude>
    <ClInclude Include="..\GlobalCode\GlobalCode_IniData\IniDataV2.h">
      <Filter>Header Files\GlobalCode_IniData</Filter>
    </ClInclude>
    <ClInclude Include="..\GlobalCode\GlobalCode_StringFunctions\StringFunctions.h">
      <Filter>Header Files\GlobalCode_StringFunctions</Filter>
    </ClInclude>
    <ClInclude Include="..\GlobalCode\GlobalCode_MiscFunctions\MiscFunctions.h">
      <Filter>Header Files\GlobalCode_MiscFunctions</Filter>
    </ClInclude>
    <ClInclude Include="..\GlobalCode\GlobalCode_QuadVector\QuadVector.h">
      <Filter>Header Files\GlobalCode_QuadVector</Filter>
    </ClInclude>
    <ClInclude Include="..\GlobalCode\GlobalCode_QuadVector\QuadVectorFunctions.h">
      <Filter>Header Files\GlobalCode_QuadVector</Filter>
    </ClInclude>
    <ClInclude Include="..\GlobalCode\GlobalCode_VariableConversionFunctions\VariableConversionFunctions.h">
      <Filter>Header Files\GlobalCode_VariableConversionFunctions</Filter>
    </ClInclude>
    <ClInclude Include="..\GlobalCode\VirtualType.h">
      <Filter>Header Files</Filter>
    </ClInclude>
    <ClInclude Include="..\GlobalCode\GlobalCode_ExperimentalCode\ConvertableP.h">
      <Filter>Header Files\GlobalCode_ExperimentalCode</Filter>
    </ClInclude>
  </ItemGroup>
  <ItemGroup>
    <ClCompile Include="BlazesCPPCLRGlobalCode.cpp">
      <Filter>Source Files</Filter>
    </ClCompile>
    <ClCompile Include="AssemblyInfo.cpp">
      <Filter>Source Files</Filter>
    </ClCompile>
    <ClCompile Include="Stdafx.cpp">
      <Filter>Source Files</Filter>
    </ClCompile>
    <ClCompile Include="..\GlobalCode\GlobalCode_ExperimentalCode\SuperDecHex.cpp">
      <Filter>Header Files\GlobalCode_ExperimentalCode</Filter>
    </ClCompile>
    <ClCompile Include="..\GlobalCode\GlobalCode_ExperimentalCode\MediumDec.cpp">
      <Filter>Header Files\GlobalCode_ExperimentalCode</Filter>
    </ClCompile>
    <ClCompile Include="..\GlobalCode\GlobalCode_VariableLists\StringVectorList.cpp">
      <Filter>Header Files\GlobalCode_VariableLists</Filter>
    </ClCompile>
    <ClCompile Include="..\GlobalCode\GlobalCode_VariableLists\VariableTypeLists.cpp">
      <Filter>Header Files\GlobalCode_VariableLists</Filter>
    </ClCompile>
    <ClCompile Include="..\GlobalCode\GlobalCode_VariableLists\VariableVectorFunctions.cpp">
      <Filter>Header Files\GlobalCode_VariableLists</Filter>
    </ClCompile>
    <ClCompile Include="..\GlobalCode\GlobalCode_NodeTrees\TagNodeTreeTemplate.cpp">
      <Filter>Header Files\GlobalCode_NodeTrees</Filter>
    </ClCompile>
    <ClCompile Include="..\GlobalCode\GlobalCode_NodeTrees\TagPosition.cpp">
      <Filter>Header Files\GlobalCode_NodeTrees</Filter>
    </ClCompile>
    <ClCompile Include="..\GlobalCode\GlobalCode_NodeTrees\VariableData.cpp">
      <Filter>Header Files\GlobalCode_NodeTrees</Filter>
    </ClCompile>
    <ClCompile Include="..\GlobalCode\GlobalCode_NodeTrees\XMLOption.cpp">
      <Filter>Header Files\GlobalCode_NodeTrees</Filter>
    </ClCompile>
    <ClCompile Include="..\GlobalCode\GlobalCode_IniData\IniData.cpp">
      <Filter>Header Files\GlobalCode_IniData</Filter>
    </ClCompile>
    <ClCompile Include="..\GlobalCode\GlobalCode_IniData\IniDataV2.cpp">
      <Filter>Header Files\GlobalCode_IniData</Filter>
    </ClCompile>
    <ClCompile Include="..\GlobalCode\GlobalCode_StringFunctions\StringFunctions.cpp">
      <Filter>Header Files\GlobalCode_StringFunctions</Filter>
    </ClCompile>
    <ClCompile Include="..\GlobalCode\GlobalCode_MiscFunctions\MiscFunctions.cpp">
      <Filter>Header Files\GlobalCode_MiscFunctions</Filter>
    </ClCompile>
    <ClCompile Include="..\GlobalCode\GlobalCode_QuadVector\QuadVector.cpp">
      <Filter>Header Files\GlobalCode_QuadVector</Filter>
    </ClCompile>
    <ClCompile Include="..\GlobalCode\GlobalCode_QuadVector\QuadVectorFunctions.cpp">
      <Filter>Header Files\GlobalCode_QuadVector</Filter>
    </ClCompile>
    <ClCompile Include="..\GlobalCode\GlobalCode_VariableConversionFunctions\VariableConversionFunctions.cpp">
      <Filter>Header Files\GlobalCode_VariableConversionFunctions</Filter>
    </ClCompile>
  </ItemGroup>
  <ItemGroup>
    <Text Include="ReadMe.txt" />
  </ItemGroup>
  <ItemGroup>
    <ResourceCompile Include="app.rc">
      <Filter>Resource Files</Filter>
    </ResourceCompile>
  </ItemGroup>
  <ItemGroup>
    <Image Include="app.ico">
      <Filter>Resource Files</Filter>
    </Image>
  </ItemGroup>
</Project>