
Microsoft Visual Studio Solution File, Format Version 12.00
# Visual Studio 15
VisualStudioVersion = 15.0.26730.10
MinimumVisualStudioVersion = 10.0.40219.1

Project("{D954291E-2A0B-460D-934E-DC6B0785DB48}") = "BlazesRusMultiTool", "BlazesRusMultiTool\BlazesRusMultiTool\BlazesRusMultiTool.shproj", "{D7A702B8-0B75-4FCB-8F58-8813E288D5F4}"
EndProject



Project("{FAE04EC0-301F-11D3-BF4B-00C04F79EFBC}") = "BlazesRusMultiTool.Android", "BlazesRusMultiTool\BlazesRusMultiTool.Android\BlazesRusMultiTool.Android.csproj", "{85C1BC66-24E7-40A1-9942-FDAB019E7CBB}"
EndProject

Project("{FAE04EC0-301F-11D3-BF4B-00C04F79EFBC}") = "BlazesRusMultiTool.UWP", "BlazesRusMultiTool\BlazesRusMultiTool.UWP\BlazesRusMultiTool.UWP.csproj", "{99A97157-B777-451A-8652-5923A524CC89}"
EndProject


Global
	GlobalSection(SolutionConfigurationPlatforms) = preSolution
		Ad-Hoc|Any CPU = Ad-Hoc|Any CPU
		Ad-Hoc|ARM = Ad-Hoc|ARM
		Ad-Hoc|iPhone = Ad-Hoc|iPhone
		Ad-Hoc|iPhoneSimulator = Ad-Hoc|iPhoneSimulator
		Ad-Hoc|x64 = Ad-Hoc|x64
		Ad-Hoc|x86 = Ad-Hoc|x86
		AppStore|Any CPU = AppStore|Any CPU
		AppStore|ARM = AppStore|ARM
		AppStore|iPhone = AppStore|iPhone
		AppStore|iPhoneSimulator = AppStore|iPhoneSimulator
		AppStore|x64 = AppStore|x64
		AppStore|x86 = AppStore|x86
		Debug|Any CPU = Debug|Any CPU
		Debug|ARM = Debug|ARM
		Debug|iPhone = Debug|iPhone
		Debug|iPhoneSimulator = Debug|iPhoneSimulator
		Debug|x64 = Debug|x64
		Debug|x86 = Debug|x86
		Release|Any CPU = Release|Any CPU
		Release|ARM = Release|ARM
		Release|iPhone = Release|iPhone
		Release|iPhoneSimulator = Release|iPhoneSimulator
		Release|x64 = Release|x64
		Release|x86 = Release|x86
	EndGlobalSection
	GlobalSection(ProjectConfigurationPlatforms) = postSolution
		{559AC50E-D1D3-44BB-B793-5D47A2D77D9E}.Ad-Hoc|Any CPU.ActiveCfg = Debug|Any CPU
		{559AC50E-D1D3-44BB-B793-5D47A2D77D9E}.Ad-Hoc|Any CPU.Build.0 = Debug|Any CPU
		{559AC50E-D1D3-44BB-B793-5D47A2D77D9E}.Ad-Hoc|ARM.ActiveCfg = Debug|Any CPU
		{559AC50E-D1D3-44BB-B793-5D47A2D77D9E}.Ad-Hoc|ARM.Build.0 = Debug|Any CPU
		{559AC50E-D1D3-44BB-B793-5D47A2D77D9E}.Ad-Hoc|iPhone.ActiveCfg = Debug|Any CPU
		{559AC50E-D1D3-44BB-B793-5D47A2D77D9E}.Ad-Hoc|iPhone.Build.0 = Debug|Any CPU
		{559AC50E-D1D3-44BB-B793-5D47A2D77D9E}.Ad-Hoc|iPhoneSimulator.ActiveCfg = Debug|Any CPU
		{559AC50E-D1D3-44BB-B793-5D47A2D77D9E}.Ad-Hoc|iPhoneSimulator.Build.0 = Debug|Any CPU
		{559AC50E-D1D3-44BB-B793-5D47A2D77D9E}.Ad-Hoc|x64.ActiveCfg = Debug|Any CPU
		{559AC50E-D1D3-44BB-B793-5D47A2D77D9E}.Ad-Hoc|x64.Build.0 = Debug|Any CPU
		{559AC50E-D1D3-44BB-B793-5D47A2D77D9E}.Ad-Hoc|x86.ActiveCfg = Debug|Any CPU
		{559AC50E-D1D3-44BB-B793-5D47A2D77D9E}.Ad-Hoc|x86.Build.0 = Debug|Any CPU
		{559AC50E-D1D3-44BB-B793-5D47A2D77D9E}.AppStore|Any CPU.ActiveCfg = Debug|Any CPU
		{559AC50E-D1D3-44BB-B793-5D47A2D77D9E}.AppStore|Any CPU.Build.0 = Debug|Any CPU
		{559AC50E-D1D3-44BB-B793-5D47A2D77D9E}.AppStore|ARM.ActiveCfg = Debug|Any CPU
		{559AC50E-D1D3-44BB-B793-5D47A2D77D9E}.AppStore|ARM.Build.0 = Debug|Any CPU
		{559AC50E-D1D3-44BB-B793-5D47A2D77D9E}.AppStore|iPhone.ActiveCfg = Debug|Any CPU
		{559AC50E-D1D3-44BB-B793-5D47A2D77D9E}.AppStore|iPhone.Build.0 = Debug|Any CPU
		{559AC50E-D1D3-44BB-B793-5D47A2D77D9E}.AppStore|iPhoneSimulator.ActiveCfg = Debug|Any CPU
		{559AC50E-D1D3-44BB-B793-5D47A2D77D9E}.AppStore|iPhoneSimulator.Build.0 = Debug|Any CPU
		{559AC50E-D1D3-44BB-B793-5D47A2D77D9E}.AppStore|x64.ActiveCfg = Debug|Any CPU
		{559AC50E-D1D3-44BB-B793-5D47A2D77D9E}.AppStore|x64.Build.0 = Debug|Any CPU
		{559AC50E-D1D3-44BB-B793-5D47A2D77D9E}.AppStore|x86.ActiveCfg = Debug|Any CPU
		{559AC50E-D1D3-44BB-B793-5D47A2D77D9E}.AppStore|x86.Build.0 = Debug|Any CPU
		{559AC50E-D1D3-44BB-B793-5D47A2D77D9E}.Debug|Any CPU.ActiveCfg = Debug|Any CPU
		{559AC50E-D1D3-44BB-B793-5D47A2D77D9E}.Debug|Any CPU.Build.0 = Debug|Any CPU
		{559AC50E-D1D3-44BB-B793-5D47A2D77D9E}.Debug|ARM.ActiveCfg = Debug|Any CPU
		{559AC50E-D1D3-44BB-B793-5D47A2D77D9E}.Debug|ARM.Build.0 = Debug|Any CPU
		{559AC50E-D1D3-44BB-B793-5D47A2D77D9E}.Debug|iPhone.ActiveCfg = Debug|Any CPU
		{559AC50E-D1D3-44BB-B793-5D47A2D77D9E}.Debug|iPhone.Build.0 = Debug|Any CPU
		{559AC50E-D1D3-44BB-B793-5D47A2D77D9E}.Debug|iPhoneSimulator.ActiveCfg = Debug|Any CPU
		{559AC50E-D1D3-44BB-B793-5D47A2D77D9E}.Debug|iPhoneSimulator.Build.0 = Debug|Any CPU
		{559AC50E-D1D3-44BB-B793-5D47A2D77D9E}.Debug|x64.ActiveCfg = Debug|Any CPU
		{559AC50E-D1D3-44BB-B793-5D47A2D77D9E}.Debug|x64.Build.0 = Debug|Any CPU
		{559AC50E-D1D3-44BB-B793-5D47A2D77D9E}.Debug|x86.ActiveCfg = Debug|Any CPU
		{559AC50E-D1D3-44BB-B793-5D47A2D77D9E}.Debug|x86.Build.0 = Debug|Any CPU
		{559AC50E-D1D3-44BB-B793-5D47A2D77D9E}.Release|Any CPU.ActiveCfg = Release|Any CPU
		{559AC50E-D1D3-44BB-B793-5D47A2D77D9E}.Release|Any CPU.Build.0 = Release|Any CPU
		{559AC50E-D1D3-44BB-B793-5D47A2D77D9E}.Release|ARM.ActiveCfg = Release|Any CPU
		{559AC50E-D1D3-44BB-B793-5D47A2D77D9E}.Release|ARM.Build.0 = Release|Any CPU
		{559AC50E-D1D3-44BB-B793-5D47A2D77D9E}.Release|iPhone.ActiveCfg = Release|Any CPU
		{559AC50E-D1D3-44BB-B793-5D47A2D77D9E}.Release|iPhone.Build.0 = Release|Any CPU
		{559AC50E-D1D3-44BB-B793-5D47A2D77D9E}.Release|iPhoneSimulator.ActiveCfg = Release|Any CPU
		{559AC50E-D1D3-44BB-B793-5D47A2D77D9E}.Release|iPhoneSimulator.Build.0 = Release|Any CPU
		{559AC50E-D1D3-44BB-B793-5D47A2D77D9E}.Release|x64.ActiveCfg = Release|Any CPU
		{559AC50E-D1D3-44BB-B793-5D47A2D77D9E}.Release|x64.Build.0 = Release|Any CPU
		{559AC50E-D1D3-44BB-B793-5D47A2D77D9E}.Release|x86.ActiveCfg = Release|Any CPU
		{559AC50E-D1D3-44BB-B793-5D47A2D77D9E}.Release|x86.Build.0 = Release|Any CPU
		{1E57A671-6068-4006-ACAF-1E0C9E9905E5}.Ad-Hoc|Any CPU.ActiveCfg = Ad-Hoc|iPhone
		{1E57A671-6068-4006-ACAF-1E0C9E9905E5}.Ad-Hoc|ARM.ActiveCfg = Ad-Hoc|iPhone
		{1E57A671-6068-4006-ACAF-1E0C9E9905E5}.Ad-Hoc|iPhone.ActiveCfg = Ad-Hoc|iPhone
		{1E57A671-6068-4006-ACAF-1E0C9E9905E5}.Ad-Hoc|iPhone.Build.0 = Ad-Hoc|iPhone
		{1E57A671-6068-4006-ACAF-1E0C9E9905E5}.Ad-Hoc|iPhoneSimulator.ActiveCfg = Ad-Hoc|iPhoneSimulator
		{1E57A671-6068-4006-ACAF-1E0C9E9905E5}.Ad-Hoc|iPhoneSimulator.Build.0 = Ad-Hoc|iPhoneSimulator
		{1E57A671-6068-4006-ACAF-1E0C9E9905E5}.Ad-Hoc|x64.ActiveCfg = Ad-Hoc|iPhone
		{1E57A671-6068-4006-ACAF-1E0C9E9905E5}.Ad-Hoc|x86.ActiveCfg = Ad-Hoc|iPhone
		{1E57A671-6068-4006-ACAF-1E0C9E9905E5}.AppStore|Any CPU.ActiveCfg = AppStore|iPhone
		{1E57A671-6068-4006-ACAF-1E0C9E9905E5}.AppStore|ARM.ActiveCfg = AppStore|iPhone
		{1E57A671-6068-4006-ACAF-1E0C9E9905E5}.AppStore|iPhone.ActiveCfg = AppStore|iPhone
		{1E57A671-6068-4006-ACAF-1E0C9E9905E5}.AppStore|iPhone.Build.0 = AppStore|iPhone
		{1E57A671-6068-4006-ACAF-1E0C9E9905E5}.AppStore|iPhoneSimulator.ActiveCfg = AppStore|iPhoneSimulator
		{1E57A671-6068-4006-ACAF-1E0C9E9905E5}.AppStore|iPhoneSimulator.Build.0 = AppStore|iPhoneSimulator
		{1E57A671-6068-4006-ACAF-1E0C9E9905E5}.AppStore|x64.ActiveCfg = AppStore|iPhone
		{1E57A671-6068-4006-ACAF-1E0C9E9905E5}.AppStore|x86.ActiveCfg = AppStore|iPhone
		{1E57A671-6068-4006-ACAF-1E0C9E9905E5}.Debug|Any CPU.ActiveCfg = Debug|iPhone
		{1E57A671-6068-4006-ACAF-1E0C9E9905E5}.Debug|ARM.ActiveCfg = Debug|iPhone
		{1E57A671-6068-4006-ACAF-1E0C9E9905E5}.Debug|iPhone.ActiveCfg = Debug|iPhone
		{1E57A671-6068-4006-ACAF-1E0C9E9905E5}.Debug|iPhone.Build.0 = Debug|iPhone
		{1E57A671-6068-4006-ACAF-1E0C9E9905E5}.Debug|iPhoneSimulator.ActiveCfg = Debug|iPhoneSimulator
		{1E57A671-6068-4006-ACAF-1E0C9E9905E5}.Debug|iPhoneSimulator.Build.0 = Debug|iPhoneSimulator
		{1E57A671-6068-4006-ACAF-1E0C9E9905E5}.Debug|x64.ActiveCfg = Debug|iPhone
		{1E57A671-6068-4006-ACAF-1E0C9E9905E5}.Debug|x86.ActiveCfg = Debug|iPhone
		{1E57A671-6068-4006-ACAF-1E0C9E9905E5}.Release|Any CPU.ActiveCfg = Release|iPhone
		{1E57A671-6068-4006-ACAF-1E0C9E9905E5}.Release|ARM.ActiveCfg = Release|iPhone
		{1E57A671-6068-4006-ACAF-1E0C9E9905E5}.Release|iPhone.ActiveCfg = Release|iPhone
		{1E57A671-6068-4006-ACAF-1E0C9E9905E5}.Release|iPhone.Build.0 = Release|iPhone
		{1E57A671-6068-4006-ACAF-1E0C9E9905E5}.Release|iPhoneSimulator.ActiveCfg = Release|iPhoneSimulator
		{1E57A671-6068-4006-ACAF-1E0C9E9905E5}.Release|iPhoneSimulator.Build.0 = Release|iPhoneSimulator
		{1E57A671-6068-4006-ACAF-1E0C9E9905E5}.Release|x64.ActiveCfg = Release|iPhone
		{1E57A671-6068-4006-ACAF-1E0C9E9905E5}.Release|x86.ActiveCfg = Release|iPhone
		{85C1BC66-24E7-40A1-9942-FDAB019E7CBB}.Ad-Hoc|Any CPU.ActiveCfg = Release|Any CPU
		{85C1BC66-24E7-40A1-9942-FDAB019E7CBB}.Ad-Hoc|Any CPU.Build.0 = Release|Any CPU
		{85C1BC66-24E7-40A1-9942-FDAB019E7CBB}.Ad-Hoc|Any CPU.Deploy.0 = Release|Any CPU
		{85C1BC66-24E7-40A1-9942-FDAB019E7CBB}.Ad-Hoc|ARM.ActiveCfg = Release|Any CPU
		{85C1BC66-24E7-40A1-9942-FDAB019E7CBB}.Ad-Hoc|ARM.Build.0 = Release|Any CPU
		{85C1BC66-24E7-40A1-9942-FDAB019E7CBB}.Ad-Hoc|ARM.Deploy.0 = Release|Any CPU
		{85C1BC66-24E7-40A1-9942-FDAB019E7CBB}.Ad-Hoc|iPhone.ActiveCfg = Release|Any CPU
		{85C1BC66-24E7-40A1-9942-FDAB019E7CBB}.Ad-Hoc|iPhone.Build.0 = Release|Any CPU
		{85C1BC66-24E7-40A1-9942-FDAB019E7CBB}.Ad-Hoc|iPhone.Deploy.0 = Release|Any CPU
		{85C1BC66-24E7-40A1-9942-FDAB019E7CBB}.Ad-Hoc|iPhoneSimulator.ActiveCfg = Release|Any CPU
		{85C1BC66-24E7-40A1-9942-FDAB019E7CBB}.Ad-Hoc|iPhoneSimulator.Build.0 = Release|Any CPU
		{85C1BC66-24E7-40A1-9942-FDAB019E7CBB}.Ad-Hoc|iPhoneSimulator.Deploy.0 = Release|Any CPU
		{85C1BC66-24E7-40A1-9942-FDAB019E7CBB}.Ad-Hoc|x64.ActiveCfg = Release|Any CPU
		{85C1BC66-24E7-40A1-9942-FDAB019E7CBB}.Ad-Hoc|x64.Build.0 = Release|Any CPU
		{85C1BC66-24E7-40A1-9942-FDAB019E7CBB}.Ad-Hoc|x64.Deploy.0 = Release|Any CPU
		{85C1BC66-24E7-40A1-9942-FDAB019E7CBB}.Ad-Hoc|x86.ActiveCfg = Release|Any CPU
		{85C1BC66-24E7-40A1-9942-FDAB019E7CBB}.Ad-Hoc|x86.Build.0 = Release|Any CPU
		{85C1BC66-24E7-40A1-9942-FDAB019E7CBB}.Ad-Hoc|x86.Deploy.0 = Release|Any CPU
		{85C1BC66-24E7-40A1-9942-FDAB019E7CBB}.AppStore|Any CPU.ActiveCfg = Release|Any CPU
		{85C1BC66-24E7-40A1-9942-FDAB019E7CBB}.AppStore|Any CPU.Build.0 = Release|Any CPU
		{85C1BC66-24E7-40A1-9942-FDAB019E7CBB}.AppStore|Any CPU.Deploy.0 = Release|Any CPU
		{85C1BC66-24E7-40A1-9942-FDAB019E7CBB}.AppStore|ARM.ActiveCfg = Release|Any CPU
		{85C1BC66-24E7-40A1-9942-FDAB019E7CBB}.AppStore|ARM.Build.0 = Release|Any CPU
		{85C1BC66-24E7-40A1-9942-FDAB019E7CBB}.AppStore|ARM.Deploy.0 = Release|Any CPU
		{85C1BC66-24E7-40A1-9942-FDAB019E7CBB}.AppStore|iPhone.ActiveCfg = Release|Any CPU
		{85C1BC66-24E7-40A1-9942-FDAB019E7CBB}.AppStore|iPhone.Build.0 = Release|Any CPU
		{85C1BC66-24E7-40A1-9942-FDAB019E7CBB}.AppStore|iPhone.Deploy.0 = Release|Any CPU
		{85C1BC66-24E7-40A1-9942-FDAB019E7CBB}.AppStore|iPhoneSimulator.ActiveCfg = Release|Any CPU
		{85C1BC66-24E7-40A1-9942-FDAB019E7CBB}.AppStore|iPhoneSimulator.Build.0 = Release|Any CPU
		{85C1BC66-24E7-40A1-9942-FDAB019E7CBB}.AppStore|iPhoneSimulator.Deploy.0 = Release|Any CPU
		{85C1BC66-24E7-40A1-9942-FDAB019E7CBB}.AppStore|x64.ActiveCfg = Release|Any CPU
		{85C1BC66-24E7-40A1-9942-FDAB019E7CBB}.AppStore|x64.Build.0 = Release|Any CPU
		{85C1BC66-24E7-40A1-9942-FDAB019E7CBB}.AppStore|x64.Deploy.0 = Release|Any CPU
		{85C1BC66-24E7-40A1-9942-FDAB019E7CBB}.AppStore|x86.ActiveCfg = Release|Any CPU
		{85C1BC66-24E7-40A1-9942-FDAB019E7CBB}.AppStore|x86.Build.0 = Release|Any CPU
		{85C1BC66-24E7-40A1-9942-FDAB019E7CBB}.AppStore|x86.Deploy.0 = Release|Any CPU
		{85C1BC66-24E7-40A1-9942-FDAB019E7CBB}.Debug|Any CPU.ActiveCfg = Debug|Any CPU
		{85C1BC66-24E7-40A1-9942-FDAB019E7CBB}.Debug|Any CPU.Build.0 = Debug|Any CPU
		{85C1BC66-24E7-40A1-9942-FDAB019E7CBB}.Debug|Any CPU.Deploy.0 = Debug|Any CPU
		{85C1BC66-24E7-40A1-9942-FDAB019E7CBB}.Debug|ARM.ActiveCfg = Debug|Any CPU
		{85C1BC66-24E7-40A1-9942-FDAB019E7CBB}.Debug|ARM.Build.0 = Debug|Any CPU
		{85C1BC66-24E7-40A1-9942-FDAB019E7CBB}.Debug|ARM.Deploy.0 = Debug|Any CPU
		{85C1BC66-24E7-40A1-9942-FDAB019E7CBB}.Debug|iPhone.ActiveCfg = Debug|Any CPU
		{85C1BC66-24E7-40A1-9942-FDAB019E7CBB}.Debug|iPhone.Build.0 = Debug|Any CPU
		{85C1BC66-24E7-40A1-9942-FDAB019E7CBB}.Debug|iPhone.Deploy.0 = Debug|Any CPU
		{85C1BC66-24E7-40A1-9942-FDAB019E7CBB}.Debug|iPhoneSimulator.ActiveCfg = Debug|Any CPU
		{85C1BC66-24E7-40A1-9942-FDAB019E7CBB}.Debug|iPhoneSimulator.Build.0 = Debug|Any CPU
		{85C1BC66-24E7-40A1-9942-FDAB019E7CBB}.Debug|iPhoneSimulator.Deploy.0 = Debug|Any CPU
		{85C1BC66-24E7-40A1-9942-FDAB019E7CBB}.Debug|x64.ActiveCfg = Debug|Any CPU
		{85C1BC66-24E7-40A1-9942-FDAB019E7CBB}.Debug|x64.Build.0 = Debug|Any CPU
		{85C1BC66-24E7-40A1-9942-FDAB019E7CBB}.Debug|x64.Deploy.0 = Debug|Any CPU
		{85C1BC66-24E7-40A1-9942-FDAB019E7CBB}.Debug|x86.ActiveCfg = Debug|Any CPU
		{85C1BC66-24E7-40A1-9942-FDAB019E7CBB}.Debug|x86.Build.0 = Debug|Any CPU
		{85C1BC66-24E7-40A1-9942-FDAB019E7CBB}.Debug|x86.Deploy.0 = Debug|Any CPU
		{85C1BC66-24E7-40A1-9942-FDAB019E7CBB}.Release|Any CPU.ActiveCfg = Release|Any CPU
		{85C1BC66-24E7-40A1-9942-FDAB019E7CBB}.Release|Any CPU.Build.0 = Release|Any CPU
		{85C1BC66-24E7-40A1-9942-FDAB019E7CBB}.Release|Any CPU.Deploy.0 = Release|Any CPU
		{85C1BC66-24E7-40A1-9942-FDAB019E7CBB}.Release|ARM.ActiveCfg = Release|Any CPU
		{85C1BC66-24E7-40A1-9942-FDAB019E7CBB}.Release|ARM.Build.0 = Release|Any CPU
		{85C1BC66-24E7-40A1-9942-FDAB019E7CBB}.Release|ARM.Deploy.0 = Release|Any CPU
		{85C1BC66-24E7-40A1-9942-FDAB019E7CBB}.Release|iPhone.ActiveCfg = Release|Any CPU
		{85C1BC66-24E7-40A1-9942-FDAB019E7CBB}.Release|iPhone.Build.0 = Release|Any CPU
		{85C1BC66-24E7-40A1-9942-FDAB019E7CBB}.Release|iPhone.Deploy.0 = Release|Any CPU
		{85C1BC66-24E7-40A1-9942-FDAB019E7CBB}.Release|iPhoneSimulator.ActiveCfg = Release|Any CPU
		{85C1BC66-24E7-40A1-9942-FDAB019E7CBB}.Release|iPhoneSimulator.Build.0 = Release|Any CPU
		{85C1BC66-24E7-40A1-9942-FDAB019E7CBB}.Release|iPhoneSimulator.Deploy.0 = Release|Any CPU
		{85C1BC66-24E7-40A1-9942-FDAB019E7CBB}.Release|x64.ActiveCfg = Release|Any CPU
		{85C1BC66-24E7-40A1-9942-FDAB019E7CBB}.Release|x64.Build.0 = Release|Any CPU
		{85C1BC66-24E7-40A1-9942-FDAB019E7CBB}.Release|x64.Deploy.0 = Release|Any CPU
		{85C1BC66-24E7-40A1-9942-FDAB019E7CBB}.Release|x86.ActiveCfg = Release|Any CPU
		{85C1BC66-24E7-40A1-9942-FDAB019E7CBB}.Release|x86.Build.0 = Release|Any CPU
		{85C1BC66-24E7-40A1-9942-FDAB019E7CBB}.Release|x86.Deploy.0 = Release|Any CPU
		{99A97157-B777-451A-8652-5923A524CC89}.Ad-Hoc|Any CPU.ActiveCfg = Release|x86
		{99A97157-B777-451A-8652-5923A524CC89}.Ad-Hoc|Any CPU.Build.0 = Release|x86
		{99A97157-B777-451A-8652-5923A524CC89}.Ad-Hoc|Any CPU.Deploy.0 = Release|x86
		{99A97157-B777-451A-8652-5923A524CC89}.Ad-Hoc|ARM.ActiveCfg = Release|ARM
		{99A97157-B777-451A-8652-5923A524CC89}.Ad-Hoc|ARM.Build.0 = Release|ARM
		{99A97157-B777-451A-8652-5923A524CC89}.Ad-Hoc|ARM.Deploy.0 = Release|ARM
		{99A97157-B777-451A-8652-5923A524CC89}.Ad-Hoc|iPhone.ActiveCfg = Release|x86
		{99A97157-B777-451A-8652-5923A524CC89}.Ad-Hoc|iPhone.Build.0 = Release|x86
		{99A97157-B777-451A-8652-5923A524CC89}.Ad-Hoc|iPhone.Deploy.0 = Release|x86
		{99A97157-B777-451A-8652-5923A524CC89}.Ad-Hoc|iPhoneSimulator.ActiveCfg = Release|x86
		{99A97157-B777-451A-8652-5923A524CC89}.Ad-Hoc|iPhoneSimulator.Build.0 = Release|x86
		{99A97157-B777-451A-8652-5923A524CC89}.Ad-Hoc|iPhoneSimulator.Deploy.0 = Release|x86
		{99A97157-B777-451A-8652-5923A524CC89}.Ad-Hoc|x64.ActiveCfg = Release|x64
		{99A97157-B777-451A-8652-5923A524CC89}.Ad-Hoc|x64.Build.0 = Release|x64
		{99A97157-B777-451A-8652-5923A524CC89}.Ad-Hoc|x64.Deploy.0 = Release|x64
		{99A97157-B777-451A-8652-5923A524CC89}.Ad-Hoc|x86.ActiveCfg = Release|x86
		{99A97157-B777-451A-8652-5923A524CC89}.Ad-Hoc|x86.Build.0 = Release|x86
		{99A97157-B777-451A-8652-5923A524CC89}.Ad-Hoc|x86.Deploy.0 = Release|x86
		{99A97157-B777-451A-8652-5923A524CC89}.AppStore|Any CPU.ActiveCfg = Release|x86
		{99A97157-B777-451A-8652-5923A524CC89}.AppStore|Any CPU.Build.0 = Release|x86
		{99A97157-B777-451A-8652-5923A524CC89}.AppStore|Any CPU.Deploy.0 = Release|x86
		{99A97157-B777-451A-8652-5923A524CC89}.AppStore|ARM.ActiveCfg = Release|ARM
		{99A97157-B777-451A-8652-5923A524CC89}.AppStore|ARM.Build.0 = Release|ARM
		{99A97157-B777-451A-8652-5923A524CC89}.AppStore|ARM.Deploy.0 = Release|ARM
		{99A97157-B777-451A-8652-5923A524CC89}.AppStore|iPhone.ActiveCfg = Release|x86
		{99A97157-B777-451A-8652-5923A524CC89}.AppStore|iPhone.Build.0 = Release|x86
		{99A97157-B777-451A-8652-5923A524CC89}.AppStore|iPhone.Deploy.0 = Release|x86
		{99A97157-B777-451A-8652-5923A524CC89}.AppStore|iPhoneSimulator.ActiveCfg = Release|x86
		{99A97157-B777-451A-8652-5923A524CC89}.AppStore|iPhoneSimulator.Build.0 = Release|x86
		{99A97157-B777-451A-8652-5923A524CC89}.AppStore|iPhoneSimulator.Deploy.0 = Release|x86
		{99A97157-B777-451A-8652-5923A524CC89}.AppStore|x64.ActiveCfg = Release|x64
		{99A97157-B777-451A-8652-5923A524CC89}.AppStore|x64.Build.0 = Release|x64
		{99A97157-B777-451A-8652-5923A524CC89}.AppStore|x64.Deploy.0 = Release|x64
		{99A97157-B777-451A-8652-5923A524CC89}.AppStore|x86.ActiveCfg = Release|x86
		{99A97157-B777-451A-8652-5923A524CC89}.AppStore|x86.Build.0 = Release|x86
		{99A97157-B777-451A-8652-5923A524CC89}.AppStore|x86.Deploy.0 = Release|x86
		{99A97157-B777-451A-8652-5923A524CC89}.Debug|Any CPU.ActiveCfg = Debug|x86
		{99A97157-B777-451A-8652-5923A524CC89}.Debug|ARM.ActiveCfg = Debug|ARM
		{99A97157-B777-451A-8652-5923A524CC89}.Debug|ARM.Build.0 = Debug|ARM
		{99A97157-B777-451A-8652-5923A524CC89}.Debug|ARM.Deploy.0 = Debug|ARM
		{99A97157-B777-451A-8652-5923A524CC89}.Debug|iPhone.ActiveCfg = Debug|x86
		{99A97157-B777-451A-8652-5923A524CC89}.Debug|iPhoneSimulator.ActiveCfg = Debug|x86
		{99A97157-B777-451A-8652-5923A524CC89}.Debug|x64.ActiveCfg = Debug|x64
		{99A97157-B777-451A-8652-5923A524CC89}.Debug|x64.Build.0 = Debug|x64
		{99A97157-B777-451A-8652-5923A524CC89}.Debug|x64.Deploy.0 = Debug|x64
		{99A97157-B777-451A-8652-5923A524CC89}.Debug|x86.ActiveCfg = Debug|x86
		{99A97157-B777-451A-8652-5923A524CC89}.Debug|x86.Build.0 = Debug|x86
		{99A97157-B777-451A-8652-5923A524CC89}.Debug|x86.Deploy.0 = Debug|x86
		{99A97157-B777-451A-8652-5923A524CC89}.Release|Any CPU.ActiveCfg = Release|x86
		{99A97157-B777-451A-8652-5923A524CC89}.Release|ARM.ActiveCfg = Release|ARM
		{99A97157-B777-451A-8652-5923A524CC89}.Release|ARM.Build.0 = Release|ARM
		{99A97157-B777-451A-8652-5923A524CC89}.Release|ARM.Deploy.0 = Release|ARM
		{99A97157-B777-451A-8652-5923A524CC89}.Release|iPhone.ActiveCfg = Release|x86
		{99A97157-B777-451A-8652-5923A524CC89}.Release|iPhoneSimulator.ActiveCfg = Release|x86
		{99A97157-B777-451A-8652-5923A524CC89}.Release|x64.ActiveCfg = Release|x64
		{99A97157-B777-451A-8652-5923A524CC89}.Release|x64.Build.0 = Release|x64
		{99A97157-B777-451A-8652-5923A524CC89}.Release|x64.Deploy.0 = Release|x64
		{99A97157-B777-451A-8652-5923A524CC89}.Release|x86.ActiveCfg = Release|x86
		{99A97157-B777-451A-8652-5923A524CC89}.Release|x86.Build.0 = Release|x86
		{99A97157-B777-451A-8652-5923A524CC89}.Release|x86.Deploy.0 = Release|x86
	EndGlobalSection
	GlobalSection(SolutionProperties) = preSolution
		HideSolutionNode = FALSE
	EndGlobalSection
	GlobalSection(ExtensibilityGlobals) = postSolution
		SolutionGuid = {F6D05029-56B8-4E45-AF2D-0E76295DDBA2}
	EndGlobalSection
EndGlobal
