
Microsoft Visual Studio Solution File, Format Version 12.00
# Visual Studio 15
VisualStudioVersion = 15.0.27130.2027
MinimumVisualStudioVersion = 10.0.40219.1
Project("{39E2626F-3545-4960-A6E8-258AD8476CE5}") = "BlazesAndroidGlobalCode_CPP", "BlazesAndroidGlobalCode_CPP\BlazesAndroidGlobalCode_CPP.androidproj", "{A6E2D4F1-6EE1-4108-8D27-EE2EA69E6ABD}"
EndProject
Project("{FAE04EC0-301F-11D3-BF4B-00C04F79EFBC}") = "BlazesCSharpGlobalCode", "BlazesCSharpGlobalCode\BlazesCSharpGlobalCode.csproj", "{25767689-5C49-4AA6-952A-262BE9C2D682}"
EndProject
Project("{8BC9CEB8-8B4A-11D0-8D11-00A0C91BC942}") = "BlazesCPPCLRGlobalCode", "BlazesCPPCLRGlobalCode\BlazesCPPCLRGlobalCode.vcxproj", "{143E6038-E5DB-49FE-BAD3-BF2D61278D8D}"
EndProject
Project("{FAE04EC0-301F-11D3-BF4B-00C04F79EFBC}") = "BlazesAndroidCSharpGlobalCode", "BlazesAndroidCSharpGlobalCode\BlazesAndroidCSharpGlobalCode.csproj", "{1832FEF7-60B6-4572-A317-CEA43EDB3C29}"
EndProject
Project("{2150E333-8FDC-42A3-9474-1A3956D46DE8}") = "GlobalCodeInfo", "GlobalCodeInfo", "{5DC1EAFD-58F9-484C-9AD1-2EF660782C36}"
	ProjectSection(SolutionItems) = preProject
		GlobalCodeInfo\PreprocessorVariables.txt = GlobalCodeInfo\PreprocessorVariables.txt
		GlobalCodeInfo\SuperDec_SpecialDecimalStatus.txt = GlobalCodeInfo\SuperDec_SpecialDecimalStatus.txt
	EndProjectSection
EndProject
Project("{FAE04EC0-301F-11D3-BF4B-00C04F79EFBC}") = "CSharpGlobalCodeTester", "CSharpGlobalCodeTester\CSharpGlobalCodeTester.csproj", "{94AEDC9C-2D26-4573-8E86-43C49DF83A56}"
EndProject
Project("{FAE04EC0-301F-11D3-BF4B-00C04F79EFBC}") = "BlazesMultiTool", "BlazesRusMultiTool\BlazesMultiTool.WPF\BlazesMultiTool.csproj", "{C76F235D-B15A-4313-BEE4-02ED987AA560}"
EndProject
Global
	GlobalSection(SolutionConfigurationPlatforms) = preSolution
		Debug|Any CPU = Debug|Any CPU
		Debug|ARM = Debug|ARM
		Debug|ARM64 = Debug|ARM64
		Debug|x64 = Debug|x64
		Debug|x86 = Debug|x86
		DebugConsole|Any CPU = DebugConsole|Any CPU
		DebugConsole|ARM = DebugConsole|ARM
		DebugConsole|ARM64 = DebugConsole|ARM64
		DebugConsole|x64 = DebugConsole|x64
		DebugConsole|x86 = DebugConsole|x86
		Release|Any CPU = Release|Any CPU
		Release|ARM = Release|ARM
		Release|ARM64 = Release|ARM64
		Release|x64 = Release|x64
		Release|x86 = Release|x86
		ReleaseConsole|Any CPU = ReleaseConsole|Any CPU
		ReleaseConsole|ARM = ReleaseConsole|ARM
		ReleaseConsole|ARM64 = ReleaseConsole|ARM64
		ReleaseConsole|x64 = ReleaseConsole|x64
		ReleaseConsole|x86 = ReleaseConsole|x86
	EndGlobalSection
	GlobalSection(ProjectConfigurationPlatforms) = postSolution
		{A6E2D4F1-6EE1-4108-8D27-EE2EA69E6ABD}.Debug|Any CPU.ActiveCfg = Debug|x86
		{A6E2D4F1-6EE1-4108-8D27-EE2EA69E6ABD}.Debug|ARM.ActiveCfg = Debug|ARM
		{A6E2D4F1-6EE1-4108-8D27-EE2EA69E6ABD}.Debug|ARM.Build.0 = Debug|ARM
		{A6E2D4F1-6EE1-4108-8D27-EE2EA69E6ABD}.Debug|ARM64.ActiveCfg = Debug|ARM64
		{A6E2D4F1-6EE1-4108-8D27-EE2EA69E6ABD}.Debug|ARM64.Build.0 = Debug|ARM64
		{A6E2D4F1-6EE1-4108-8D27-EE2EA69E6ABD}.Debug|x64.ActiveCfg = Debug|x64
		{A6E2D4F1-6EE1-4108-8D27-EE2EA69E6ABD}.Debug|x64.Build.0 = Debug|x64
		{A6E2D4F1-6EE1-4108-8D27-EE2EA69E6ABD}.Debug|x86.ActiveCfg = Debug|x86
		{A6E2D4F1-6EE1-4108-8D27-EE2EA69E6ABD}.Debug|x86.Build.0 = Debug|x86
		{A6E2D4F1-6EE1-4108-8D27-EE2EA69E6ABD}.DebugConsole|Any CPU.ActiveCfg = Release|x64
		{A6E2D4F1-6EE1-4108-8D27-EE2EA69E6ABD}.DebugConsole|ARM.ActiveCfg = Debug|ARM
		{A6E2D4F1-6EE1-4108-8D27-EE2EA69E6ABD}.DebugConsole|ARM64.ActiveCfg = Debug|ARM64
		{A6E2D4F1-6EE1-4108-8D27-EE2EA69E6ABD}.DebugConsole|x64.ActiveCfg = Debug|x64
		{A6E2D4F1-6EE1-4108-8D27-EE2EA69E6ABD}.DebugConsole|x86.ActiveCfg = Debug|x86
		{A6E2D4F1-6EE1-4108-8D27-EE2EA69E6ABD}.Release|Any CPU.ActiveCfg = Release|x86
		{A6E2D4F1-6EE1-4108-8D27-EE2EA69E6ABD}.Release|ARM.ActiveCfg = Release|ARM
		{A6E2D4F1-6EE1-4108-8D27-EE2EA69E6ABD}.Release|ARM.Build.0 = Release|ARM
		{A6E2D4F1-6EE1-4108-8D27-EE2EA69E6ABD}.Release|ARM64.ActiveCfg = Release|ARM64
		{A6E2D4F1-6EE1-4108-8D27-EE2EA69E6ABD}.Release|ARM64.Build.0 = Release|ARM64
		{A6E2D4F1-6EE1-4108-8D27-EE2EA69E6ABD}.Release|x64.ActiveCfg = Release|x64
		{A6E2D4F1-6EE1-4108-8D27-EE2EA69E6ABD}.Release|x64.Build.0 = Release|x64
		{A6E2D4F1-6EE1-4108-8D27-EE2EA69E6ABD}.Release|x86.ActiveCfg = Release|x86
		{A6E2D4F1-6EE1-4108-8D27-EE2EA69E6ABD}.Release|x86.Build.0 = Release|x86
		{A6E2D4F1-6EE1-4108-8D27-EE2EA69E6ABD}.ReleaseConsole|Any CPU.ActiveCfg = Release|x86
		{A6E2D4F1-6EE1-4108-8D27-EE2EA69E6ABD}.ReleaseConsole|ARM.ActiveCfg = Release|ARM
		{A6E2D4F1-6EE1-4108-8D27-EE2EA69E6ABD}.ReleaseConsole|ARM.Build.0 = Release|ARM
		{A6E2D4F1-6EE1-4108-8D27-EE2EA69E6ABD}.ReleaseConsole|ARM64.ActiveCfg = Release|ARM64
		{A6E2D4F1-6EE1-4108-8D27-EE2EA69E6ABD}.ReleaseConsole|ARM64.Build.0 = Release|ARM64
		{A6E2D4F1-6EE1-4108-8D27-EE2EA69E6ABD}.ReleaseConsole|x64.ActiveCfg = Release|x64
		{A6E2D4F1-6EE1-4108-8D27-EE2EA69E6ABD}.ReleaseConsole|x64.Build.0 = Release|x64
		{A6E2D4F1-6EE1-4108-8D27-EE2EA69E6ABD}.ReleaseConsole|x86.ActiveCfg = Release|x86
		{A6E2D4F1-6EE1-4108-8D27-EE2EA69E6ABD}.ReleaseConsole|x86.Build.0 = Release|x86
		{25767689-5C49-4AA6-952A-262BE9C2D682}.Debug|Any CPU.ActiveCfg = Debug|Any CPU
		{25767689-5C49-4AA6-952A-262BE9C2D682}.Debug|Any CPU.Build.0 = Debug|Any CPU
		{25767689-5C49-4AA6-952A-262BE9C2D682}.Debug|ARM.ActiveCfg = Debug|Any CPU
		{25767689-5C49-4AA6-952A-262BE9C2D682}.Debug|ARM.Build.0 = Debug|Any CPU
		{25767689-5C49-4AA6-952A-262BE9C2D682}.Debug|ARM64.ActiveCfg = Debug|Any CPU
		{25767689-5C49-4AA6-952A-262BE9C2D682}.Debug|ARM64.Build.0 = Debug|Any CPU
		{25767689-5C49-4AA6-952A-262BE9C2D682}.Debug|x64.ActiveCfg = Debug|x64
		{25767689-5C49-4AA6-952A-262BE9C2D682}.Debug|x64.Build.0 = Debug|x64
		{25767689-5C49-4AA6-952A-262BE9C2D682}.Debug|x86.ActiveCfg = Debug|Any CPU
		{25767689-5C49-4AA6-952A-262BE9C2D682}.Debug|x86.Build.0 = Debug|Any CPU
		{25767689-5C49-4AA6-952A-262BE9C2D682}.DebugConsole|Any CPU.ActiveCfg = Debug|Any CPU
		{25767689-5C49-4AA6-952A-262BE9C2D682}.DebugConsole|Any CPU.Build.0 = Debug|Any CPU
		{25767689-5C49-4AA6-952A-262BE9C2D682}.DebugConsole|ARM.ActiveCfg = Debug|Any CPU
		{25767689-5C49-4AA6-952A-262BE9C2D682}.DebugConsole|ARM.Build.0 = Debug|Any CPU
		{25767689-5C49-4AA6-952A-262BE9C2D682}.DebugConsole|ARM64.ActiveCfg = Debug|Any CPU
		{25767689-5C49-4AA6-952A-262BE9C2D682}.DebugConsole|ARM64.Build.0 = Debug|Any CPU
		{25767689-5C49-4AA6-952A-262BE9C2D682}.DebugConsole|x64.ActiveCfg = Debug|x64
		{25767689-5C49-4AA6-952A-262BE9C2D682}.DebugConsole|x86.ActiveCfg = Debug|Any CPU
		{25767689-5C49-4AA6-952A-262BE9C2D682}.DebugConsole|x86.Build.0 = Debug|Any CPU
		{25767689-5C49-4AA6-952A-262BE9C2D682}.Release|Any CPU.ActiveCfg = Release|Any CPU
		{25767689-5C49-4AA6-952A-262BE9C2D682}.Release|Any CPU.Build.0 = Release|Any CPU
		{25767689-5C49-4AA6-952A-262BE9C2D682}.Release|ARM.ActiveCfg = Release|Any CPU
		{25767689-5C49-4AA6-952A-262BE9C2D682}.Release|ARM.Build.0 = Release|Any CPU
		{25767689-5C49-4AA6-952A-262BE9C2D682}.Release|ARM64.ActiveCfg = Release|Any CPU
		{25767689-5C49-4AA6-952A-262BE9C2D682}.Release|ARM64.Build.0 = Release|Any CPU
		{25767689-5C49-4AA6-952A-262BE9C2D682}.Release|x64.ActiveCfg = Release|x64
		{25767689-5C49-4AA6-952A-262BE9C2D682}.Release|x64.Build.0 = Release|x64
		{25767689-5C49-4AA6-952A-262BE9C2D682}.Release|x86.ActiveCfg = Release|Any CPU
		{25767689-5C49-4AA6-952A-262BE9C2D682}.Release|x86.Build.0 = Release|Any CPU
		{25767689-5C49-4AA6-952A-262BE9C2D682}.ReleaseConsole|Any CPU.ActiveCfg = Release|Any CPU
		{25767689-5C49-4AA6-952A-262BE9C2D682}.ReleaseConsole|Any CPU.Build.0 = Release|Any CPU
		{25767689-5C49-4AA6-952A-262BE9C2D682}.ReleaseConsole|ARM.ActiveCfg = Release|Any CPU
		{25767689-5C49-4AA6-952A-262BE9C2D682}.ReleaseConsole|ARM.Build.0 = Release|Any CPU
		{25767689-5C49-4AA6-952A-262BE9C2D682}.ReleaseConsole|ARM64.ActiveCfg = Release|Any CPU
		{25767689-5C49-4AA6-952A-262BE9C2D682}.ReleaseConsole|ARM64.Build.0 = Release|Any CPU
		{25767689-5C49-4AA6-952A-262BE9C2D682}.ReleaseConsole|x64.ActiveCfg = Release|x64
		{25767689-5C49-4AA6-952A-262BE9C2D682}.ReleaseConsole|x64.Build.0 = Release|x64
		{25767689-5C49-4AA6-952A-262BE9C2D682}.ReleaseConsole|x86.ActiveCfg = Release|Any CPU
		{25767689-5C49-4AA6-952A-262BE9C2D682}.ReleaseConsole|x86.Build.0 = Release|Any CPU
		{143E6038-E5DB-49FE-BAD3-BF2D61278D8D}.Debug|Any CPU.ActiveCfg = Debug|Win32
		{143E6038-E5DB-49FE-BAD3-BF2D61278D8D}.Debug|ARM.ActiveCfg = Debug|Win32
		{143E6038-E5DB-49FE-BAD3-BF2D61278D8D}.Debug|ARM64.ActiveCfg = Debug|Win32
		{143E6038-E5DB-49FE-BAD3-BF2D61278D8D}.Debug|x64.ActiveCfg = Debug|x64
		{143E6038-E5DB-49FE-BAD3-BF2D61278D8D}.Debug|x64.Build.0 = Debug|x64
		{143E6038-E5DB-49FE-BAD3-BF2D61278D8D}.Debug|x86.ActiveCfg = Debug|Win32
		{143E6038-E5DB-49FE-BAD3-BF2D61278D8D}.Debug|x86.Build.0 = Debug|Win32
		{143E6038-E5DB-49FE-BAD3-BF2D61278D8D}.DebugConsole|Any CPU.ActiveCfg = Release|x64
		{143E6038-E5DB-49FE-BAD3-BF2D61278D8D}.DebugConsole|ARM.ActiveCfg = Release|x64
		{143E6038-E5DB-49FE-BAD3-BF2D61278D8D}.DebugConsole|ARM64.ActiveCfg = Release|x64
		{143E6038-E5DB-49FE-BAD3-BF2D61278D8D}.DebugConsole|x64.ActiveCfg = Debug|x64
		{143E6038-E5DB-49FE-BAD3-BF2D61278D8D}.DebugConsole|x86.ActiveCfg = Debug|Win32
		{143E6038-E5DB-49FE-BAD3-BF2D61278D8D}.Release|Any CPU.ActiveCfg = Release|Win32
		{143E6038-E5DB-49FE-BAD3-BF2D61278D8D}.Release|ARM.ActiveCfg = Release|Win32
		{143E6038-E5DB-49FE-BAD3-BF2D61278D8D}.Release|ARM64.ActiveCfg = Release|Win32
		{143E6038-E5DB-49FE-BAD3-BF2D61278D8D}.Release|x64.ActiveCfg = Release|x64
		{143E6038-E5DB-49FE-BAD3-BF2D61278D8D}.Release|x64.Build.0 = Release|x64
		{143E6038-E5DB-49FE-BAD3-BF2D61278D8D}.Release|x86.ActiveCfg = Release|Win32
		{143E6038-E5DB-49FE-BAD3-BF2D61278D8D}.Release|x86.Build.0 = Release|Win32
		{143E6038-E5DB-49FE-BAD3-BF2D61278D8D}.ReleaseConsole|Any CPU.ActiveCfg = Release|Win32
		{143E6038-E5DB-49FE-BAD3-BF2D61278D8D}.ReleaseConsole|ARM.ActiveCfg = Release|Win32
		{143E6038-E5DB-49FE-BAD3-BF2D61278D8D}.ReleaseConsole|ARM64.ActiveCfg = Release|Win32
		{143E6038-E5DB-49FE-BAD3-BF2D61278D8D}.ReleaseConsole|x64.ActiveCfg = Release|x64
		{143E6038-E5DB-49FE-BAD3-BF2D61278D8D}.ReleaseConsole|x64.Build.0 = Release|x64
		{143E6038-E5DB-49FE-BAD3-BF2D61278D8D}.ReleaseConsole|x86.ActiveCfg = Release|Win32
		{143E6038-E5DB-49FE-BAD3-BF2D61278D8D}.ReleaseConsole|x86.Build.0 = Release|Win32
		{1832FEF7-60B6-4572-A317-CEA43EDB3C29}.Debug|Any CPU.ActiveCfg = Debug|Any CPU
		{1832FEF7-60B6-4572-A317-CEA43EDB3C29}.Debug|Any CPU.Build.0 = Debug|Any CPU
		{1832FEF7-60B6-4572-A317-CEA43EDB3C29}.Debug|ARM.ActiveCfg = Debug|Any CPU
		{1832FEF7-60B6-4572-A317-CEA43EDB3C29}.Debug|ARM.Build.0 = Debug|Any CPU
		{1832FEF7-60B6-4572-A317-CEA43EDB3C29}.Debug|ARM64.ActiveCfg = Debug|Any CPU
		{1832FEF7-60B6-4572-A317-CEA43EDB3C29}.Debug|ARM64.Build.0 = Debug|Any CPU
		{1832FEF7-60B6-4572-A317-CEA43EDB3C29}.Debug|x64.ActiveCfg = Debug|Any CPU
		{1832FEF7-60B6-4572-A317-CEA43EDB3C29}.Debug|x64.Build.0 = Debug|Any CPU
		{1832FEF7-60B6-4572-A317-CEA43EDB3C29}.Debug|x86.ActiveCfg = Debug|Any CPU
		{1832FEF7-60B6-4572-A317-CEA43EDB3C29}.Debug|x86.Build.0 = Debug|Any CPU
		{1832FEF7-60B6-4572-A317-CEA43EDB3C29}.DebugConsole|Any CPU.ActiveCfg = Debug|Any CPU
		{1832FEF7-60B6-4572-A317-CEA43EDB3C29}.DebugConsole|ARM.ActiveCfg = Debug|Any CPU
		{1832FEF7-60B6-4572-A317-CEA43EDB3C29}.DebugConsole|ARM64.ActiveCfg = Debug|Any CPU
		{1832FEF7-60B6-4572-A317-CEA43EDB3C29}.DebugConsole|x64.ActiveCfg = Debug|Any CPU
		{1832FEF7-60B6-4572-A317-CEA43EDB3C29}.DebugConsole|x86.ActiveCfg = Debug|Any CPU
		{1832FEF7-60B6-4572-A317-CEA43EDB3C29}.Release|Any CPU.ActiveCfg = Release|Any CPU
		{1832FEF7-60B6-4572-A317-CEA43EDB3C29}.Release|Any CPU.Build.0 = Release|Any CPU
		{1832FEF7-60B6-4572-A317-CEA43EDB3C29}.Release|ARM.ActiveCfg = Release|Any CPU
		{1832FEF7-60B6-4572-A317-CEA43EDB3C29}.Release|ARM.Build.0 = Release|Any CPU
		{1832FEF7-60B6-4572-A317-CEA43EDB3C29}.Release|ARM64.ActiveCfg = Release|Any CPU
		{1832FEF7-60B6-4572-A317-CEA43EDB3C29}.Release|ARM64.Build.0 = Release|Any CPU
		{1832FEF7-60B6-4572-A317-CEA43EDB3C29}.Release|x64.ActiveCfg = Release|Any CPU
		{1832FEF7-60B6-4572-A317-CEA43EDB3C29}.Release|x64.Build.0 = Release|Any CPU
		{1832FEF7-60B6-4572-A317-CEA43EDB3C29}.Release|x86.ActiveCfg = Release|Any CPU
		{1832FEF7-60B6-4572-A317-CEA43EDB3C29}.Release|x86.Build.0 = Release|Any CPU
		{1832FEF7-60B6-4572-A317-CEA43EDB3C29}.ReleaseConsole|Any CPU.ActiveCfg = Release|Any CPU
		{1832FEF7-60B6-4572-A317-CEA43EDB3C29}.ReleaseConsole|Any CPU.Build.0 = Release|Any CPU
		{1832FEF7-60B6-4572-A317-CEA43EDB3C29}.ReleaseConsole|ARM.ActiveCfg = Release|Any CPU
		{1832FEF7-60B6-4572-A317-CEA43EDB3C29}.ReleaseConsole|ARM.Build.0 = Release|Any CPU
		{1832FEF7-60B6-4572-A317-CEA43EDB3C29}.ReleaseConsole|ARM64.ActiveCfg = Release|Any CPU
		{1832FEF7-60B6-4572-A317-CEA43EDB3C29}.ReleaseConsole|ARM64.Build.0 = Release|Any CPU
		{1832FEF7-60B6-4572-A317-CEA43EDB3C29}.ReleaseConsole|x64.ActiveCfg = Release|Any CPU
		{1832FEF7-60B6-4572-A317-CEA43EDB3C29}.ReleaseConsole|x64.Build.0 = Release|Any CPU
		{1832FEF7-60B6-4572-A317-CEA43EDB3C29}.ReleaseConsole|x86.ActiveCfg = Release|Any CPU
		{1832FEF7-60B6-4572-A317-CEA43EDB3C29}.ReleaseConsole|x86.Build.0 = Release|Any CPU
		{94AEDC9C-2D26-4573-8E86-43C49DF83A56}.Debug|Any CPU.ActiveCfg = Debug|Any CPU
		{94AEDC9C-2D26-4573-8E86-43C49DF83A56}.Debug|Any CPU.Build.0 = Debug|Any CPU
		{94AEDC9C-2D26-4573-8E86-43C49DF83A56}.Debug|ARM.ActiveCfg = Debug|Any CPU
		{94AEDC9C-2D26-4573-8E86-43C49DF83A56}.Debug|ARM.Build.0 = Debug|Any CPU
		{94AEDC9C-2D26-4573-8E86-43C49DF83A56}.Debug|ARM64.ActiveCfg = Debug|Any CPU
		{94AEDC9C-2D26-4573-8E86-43C49DF83A56}.Debug|ARM64.Build.0 = Debug|Any CPU
		{94AEDC9C-2D26-4573-8E86-43C49DF83A56}.Debug|x64.ActiveCfg = Debug|x64
		{94AEDC9C-2D26-4573-8E86-43C49DF83A56}.Debug|x64.Build.0 = Debug|x64
		{94AEDC9C-2D26-4573-8E86-43C49DF83A56}.Debug|x86.ActiveCfg = Debug|Any CPU
		{94AEDC9C-2D26-4573-8E86-43C49DF83A56}.Debug|x86.Build.0 = Debug|Any CPU
		{94AEDC9C-2D26-4573-8E86-43C49DF83A56}.DebugConsole|Any CPU.ActiveCfg = Debug|Any CPU
		{94AEDC9C-2D26-4573-8E86-43C49DF83A56}.DebugConsole|ARM.ActiveCfg = Debug|Any CPU
		{94AEDC9C-2D26-4573-8E86-43C49DF83A56}.DebugConsole|ARM64.ActiveCfg = Debug|Any CPU
		{94AEDC9C-2D26-4573-8E86-43C49DF83A56}.DebugConsole|x64.ActiveCfg = Debug|x64
		{94AEDC9C-2D26-4573-8E86-43C49DF83A56}.DebugConsole|x86.ActiveCfg = Debug|Any CPU
		{94AEDC9C-2D26-4573-8E86-43C49DF83A56}.Release|Any CPU.ActiveCfg = Release|Any CPU
		{94AEDC9C-2D26-4573-8E86-43C49DF83A56}.Release|Any CPU.Build.0 = Release|Any CPU
		{94AEDC9C-2D26-4573-8E86-43C49DF83A56}.Release|ARM.ActiveCfg = Release|Any CPU
		{94AEDC9C-2D26-4573-8E86-43C49DF83A56}.Release|ARM.Build.0 = Release|Any CPU
		{94AEDC9C-2D26-4573-8E86-43C49DF83A56}.Release|ARM64.ActiveCfg = Release|Any CPU
		{94AEDC9C-2D26-4573-8E86-43C49DF83A56}.Release|ARM64.Build.0 = Release|Any CPU
		{94AEDC9C-2D26-4573-8E86-43C49DF83A56}.Release|x64.ActiveCfg = Release|x64
		{94AEDC9C-2D26-4573-8E86-43C49DF83A56}.Release|x64.Build.0 = Release|x64
		{94AEDC9C-2D26-4573-8E86-43C49DF83A56}.Release|x86.ActiveCfg = Release|Any CPU
		{94AEDC9C-2D26-4573-8E86-43C49DF83A56}.Release|x86.Build.0 = Release|Any CPU
		{94AEDC9C-2D26-4573-8E86-43C49DF83A56}.ReleaseConsole|Any CPU.ActiveCfg = Release|Any CPU
		{94AEDC9C-2D26-4573-8E86-43C49DF83A56}.ReleaseConsole|Any CPU.Build.0 = Release|Any CPU
		{94AEDC9C-2D26-4573-8E86-43C49DF83A56}.ReleaseConsole|ARM.ActiveCfg = Release|Any CPU
		{94AEDC9C-2D26-4573-8E86-43C49DF83A56}.ReleaseConsole|ARM.Build.0 = Release|Any CPU
		{94AEDC9C-2D26-4573-8E86-43C49DF83A56}.ReleaseConsole|ARM64.ActiveCfg = Release|Any CPU
		{94AEDC9C-2D26-4573-8E86-43C49DF83A56}.ReleaseConsole|ARM64.Build.0 = Release|Any CPU
		{94AEDC9C-2D26-4573-8E86-43C49DF83A56}.ReleaseConsole|x64.ActiveCfg = Release|x64
		{94AEDC9C-2D26-4573-8E86-43C49DF83A56}.ReleaseConsole|x64.Build.0 = Release|x64
		{94AEDC9C-2D26-4573-8E86-43C49DF83A56}.ReleaseConsole|x86.ActiveCfg = Release|Any CPU
		{94AEDC9C-2D26-4573-8E86-43C49DF83A56}.ReleaseConsole|x86.Build.0 = Release|Any CPU
		{C76F235D-B15A-4313-BEE4-02ED987AA560}.Debug|Any CPU.ActiveCfg = Debug|Any CPU
		{C76F235D-B15A-4313-BEE4-02ED987AA560}.Debug|Any CPU.Build.0 = Debug|Any CPU
		{C76F235D-B15A-4313-BEE4-02ED987AA560}.Debug|ARM.ActiveCfg = Debug|Any CPU
		{C76F235D-B15A-4313-BEE4-02ED987AA560}.Debug|ARM.Build.0 = Debug|Any CPU
		{C76F235D-B15A-4313-BEE4-02ED987AA560}.Debug|ARM64.ActiveCfg = Debug|Any CPU
		{C76F235D-B15A-4313-BEE4-02ED987AA560}.Debug|ARM64.Build.0 = Debug|Any CPU
		{C76F235D-B15A-4313-BEE4-02ED987AA560}.Debug|x64.ActiveCfg = Debug|x64
		{C76F235D-B15A-4313-BEE4-02ED987AA560}.Debug|x64.Build.0 = Debug|x64
		{C76F235D-B15A-4313-BEE4-02ED987AA560}.Debug|x86.ActiveCfg = Debug|Any CPU
		{C76F235D-B15A-4313-BEE4-02ED987AA560}.Debug|x86.Build.0 = Debug|Any CPU
		{C76F235D-B15A-4313-BEE4-02ED987AA560}.DebugConsole|Any CPU.ActiveCfg = DebugConsole|Any CPU
		{C76F235D-B15A-4313-BEE4-02ED987AA560}.DebugConsole|Any CPU.Build.0 = DebugConsole|Any CPU
		{C76F235D-B15A-4313-BEE4-02ED987AA560}.DebugConsole|ARM.ActiveCfg = DebugConsole|Any CPU
		{C76F235D-B15A-4313-BEE4-02ED987AA560}.DebugConsole|ARM.Build.0 = DebugConsole|Any CPU
		{C76F235D-B15A-4313-BEE4-02ED987AA560}.DebugConsole|ARM64.ActiveCfg = DebugConsole|Any CPU
		{C76F235D-B15A-4313-BEE4-02ED987AA560}.DebugConsole|ARM64.Build.0 = DebugConsole|Any CPU
		{C76F235D-B15A-4313-BEE4-02ED987AA560}.DebugConsole|x64.ActiveCfg = DebugConsole|x64
		{C76F235D-B15A-4313-BEE4-02ED987AA560}.DebugConsole|x64.Build.0 = DebugConsole|x64
		{C76F235D-B15A-4313-BEE4-02ED987AA560}.DebugConsole|x86.ActiveCfg = DebugConsole|Any CPU
		{C76F235D-B15A-4313-BEE4-02ED987AA560}.DebugConsole|x86.Build.0 = DebugConsole|Any CPU
		{C76F235D-B15A-4313-BEE4-02ED987AA560}.Release|Any CPU.ActiveCfg = Release|Any CPU
		{C76F235D-B15A-4313-BEE4-02ED987AA560}.Release|Any CPU.Build.0 = Release|Any CPU
		{C76F235D-B15A-4313-BEE4-02ED987AA560}.Release|ARM.ActiveCfg = Release|Any CPU
		{C76F235D-B15A-4313-BEE4-02ED987AA560}.Release|ARM.Build.0 = Release|Any CPU
		{C76F235D-B15A-4313-BEE4-02ED987AA560}.Release|ARM64.ActiveCfg = Release|Any CPU
		{C76F235D-B15A-4313-BEE4-02ED987AA560}.Release|ARM64.Build.0 = Release|Any CPU
		{C76F235D-B15A-4313-BEE4-02ED987AA560}.Release|x64.ActiveCfg = Release|x64
		{C76F235D-B15A-4313-BEE4-02ED987AA560}.Release|x64.Build.0 = Release|x64
		{C76F235D-B15A-4313-BEE4-02ED987AA560}.Release|x86.ActiveCfg = Release|Any CPU
		{C76F235D-B15A-4313-BEE4-02ED987AA560}.Release|x86.Build.0 = Release|Any CPU
		{C76F235D-B15A-4313-BEE4-02ED987AA560}.ReleaseConsole|Any CPU.ActiveCfg = Release|Any CPU
		{C76F235D-B15A-4313-BEE4-02ED987AA560}.ReleaseConsole|Any CPU.Build.0 = Release|Any CPU
		{C76F235D-B15A-4313-BEE4-02ED987AA560}.ReleaseConsole|ARM.ActiveCfg = Release|Any CPU
		{C76F235D-B15A-4313-BEE4-02ED987AA560}.ReleaseConsole|ARM.Build.0 = Release|Any CPU
		{C76F235D-B15A-4313-BEE4-02ED987AA560}.ReleaseConsole|ARM64.ActiveCfg = Release|Any CPU
		{C76F235D-B15A-4313-BEE4-02ED987AA560}.ReleaseConsole|ARM64.Build.0 = Release|Any CPU
		{C76F235D-B15A-4313-BEE4-02ED987AA560}.ReleaseConsole|x64.ActiveCfg = ReleaseConsole|x64
		{C76F235D-B15A-4313-BEE4-02ED987AA560}.ReleaseConsole|x64.Build.0 = ReleaseConsole|x64
		{C76F235D-B15A-4313-BEE4-02ED987AA560}.ReleaseConsole|x86.ActiveCfg = Release|Any CPU
		{C76F235D-B15A-4313-BEE4-02ED987AA560}.ReleaseConsole|x86.Build.0 = Release|Any CPU
	EndGlobalSection
	GlobalSection(SolutionProperties) = preSolution
		HideSolutionNode = FALSE
	EndGlobalSection
	GlobalSection(ExtensibilityGlobals) = postSolution
		SolutionGuid = {664FA6A3-1399-45BA-A07B-B1AEAD1EAB46}
	EndGlobalSection
EndGlobal
