<?xml version="1.0" encoding="utf-8"?>
<Project ToolsVersion="4.0" xmlns="http://schemas.microsoft.com/developer/msbuild/2003">
  <ItemGroup>
    <Filter Include="Source Files">
      <UniqueIdentifier>{c6903bf2-53bb-4b89-ac30-6a07cc435db7}</UniqueIdentifier>
      <Extensions>cpp;c;cxx;rc;def;r;odl;idl;hpj;bat</Extensions>
    </Filter>
    <Filter Include="Header Files">
      <UniqueIdentifier>{0a00661c-3b6a-4df2-a085-6241c79f3344}</UniqueIdentifier>
      <Extensions>h;hpp;hxx;hm;inl</Extensions>
    </Filter>
    <Filter Include="Resource Files">
      <UniqueIdentifier>{71ca641f-3158-4128-ba9e-2dd39652e6a0}</UniqueIdentifier>
      <Extensions>ico;cur;bmp;dlg;rc2;rct;bin;rgs;gif;jpg;jpeg;jpe</Extensions>
    </Filter>
    <Filter Include="MultiView">
      <UniqueIdentifier>{e3ccac91-12d8-4199-afd7-0792b2cde47b}</UniqueIdentifier>
    </Filter>
    <Filter Include="NodeTreeStuff">
      <UniqueIdentifier>{1664e39f-4e74-469c-a72d-2b011c9daa74}</UniqueIdentifier>
    </Filter>
    <Filter Include="TSL">
      <UniqueIdentifier>{aeadce5e-4f69-4c63-98f4-c0e7db367732}</UniqueIdentifier>
    </Filter>
    <Filter Include="NodeTreeStuff\OldNodeTreeCode">
      <UniqueIdentifier>{ca885644-c240-41d8-90b3-7a7579e96b50}</UniqueIdentifier>
    </Filter>
    <Filter Include="NodeTreeStuff\OldHkNodeTreeStuff">
      <UniqueIdentifier>{8644373c-f86c-4dd3-a3f4-54571953ad19}</UniqueIdentifier>
    </Filter>
    <Filter Include="OtherSharedCode">
      <UniqueIdentifier>{e98a37ec-9b01-4b52-8f34-e7928a1f2851}</UniqueIdentifier>
    </Filter>
    <Filter Include="LessImportantFiles">
      <UniqueIdentifier>{b007345e-69f7-4e78-addb-4a314d3cf088}</UniqueIdentifier>
    </Filter>
  </ItemGroup>
  <ItemGroup>
    <ClCompile Include="AudioSupportedContextMenu.cpp">
      <Filter>Source Files</Filter>
    </ClCompile>
    <ClCompile Include="ContextMenu.cpp">
      <Filter>Source Files</Filter>
    </ClCompile>
    <ClCompile Include="XMLTagView.cpp">
      <Filter>Source Files</Filter>
    </ClCompile>
    <ClCompile Include="TreePage.cpp">
      <Filter>Source Files</Filter>
    </ClCompile>
    <ClCompile Include="MultiViewDoc.cpp">
      <Filter>MultiView</Filter>
    </ClCompile>
    <ClCompile Include="MultiViewApp.cpp">
      <Filter>MultiView</Filter>
    </ClCompile>
    <ClCompile Include="MultiviewPrecompile.cpp">
      <Filter>LessImportantFiles</Filter>
    </ClCompile>
    <ClCompile Include="..\OtherFunctions\StringFunctions.cpp">
      <Filter>OtherSharedCode</Filter>
    </ClCompile>
    <ClCompile Include="..\VariableLists\StringVectorList.cpp">
      <Filter>OtherSharedCode</Filter>
    </ClCompile>
    <ClCompile Include="MainFrm.cpp">
      <Filter>LessImportantFiles</Filter>
    </ClCompile>
    <ClCompile Include="OtherView.cpp">
      <Filter>LessImportantFiles</Filter>
    </ClCompile>
  </ItemGroup>
  <ItemGroup>
    <!--     <ClInclude Include="$(BlazesSharedCode)\tsl\ordered_map.h">
      <Filter>TSL</Filter>
    </ClInclude>
    <ClInclude Include="$(BlazesSharedCode)\tsl\ordered_hash.h">
      <Filter>TSL</Filter>
    </ClInclude>
    <ClInclude Include="$(BlazesSharedCode)\tsl\ordered_set.h">
      <Filter>TSL</Filter>
    </ClInclude> -->
    <ClInclude Include="..\tsl\ordered_map.h">
      <Filter>TSL</Filter>
    </ClInclude>
    <ClInclude Include="BasicXMLNode.h">
      <Filter>NodeTreeStuff</Filter>
    </ClInclude>
    <ClInclude Include="..\NodeTrees\LooseNodeTreeTemplate.h">
      <Filter>NodeTreeStuff\OldNodeTreeCode</Filter>
    </ClInclude>
    <ClInclude Include="..\NodeTrees\TagNodeTreeTemplate.h">
      <Filter>NodeTreeStuff\OldNodeTreeCode</Filter>
    </ClInclude>
    <ClInclude Include="$(BlazesSharedCode)\NodeTrees\VariableData.h">
      <Filter>NodeTreeStuff\OldNodeTreeCode</Filter>
    </ClInclude>
    <ClInclude Include="..\NodeTrees\XMLOption.h">
      <Filter>NodeTreeStuff\OldNodeTreeCode</Filter>
    </ClInclude>
    <ClInclude Include="..\NodeTrees\XMLTagTree.h">
      <Filter>NodeTreeStuff\OldNodeTreeCode</Filter>
    </ClInclude>
    <ClInclude Include="CustomTreeViewWAudio.h">
      <Filter>NodeTreeStuff</Filter>
    </ClInclude>
    <ClInclude Include="AudioSupportedContextMenu.h">
      <Filter>NodeTreeStuff</Filter>
    </ClInclude>
    <ClInclude Include="NonGUINodeTree.h">
      <Filter>NodeTreeStuff</Filter>
    </ClInclude>
    <ClInclude Include="PagedMultiviewVarient01.h">
      <Filter>MultiView</Filter>
    </ClInclude>
    <ClInclude Include="OtherView.h">
      <Filter>Header Files</Filter>
    </ClInclude>
    <ClInclude Include="MultiviewPrecompile.h">
      <Filter>Header Files</Filter>
    </ClInclude>
    <ClInclude Include="WP_APPDefines.h">
      <Filter>Header Files</Filter>
    </ClInclude>
    <ClInclude Include="ContextMenu.h">
      <Filter>Header Files</Filter>
    </ClInclude>
    <ClInclude Include="HalfPagedMultiview.h">
      <Filter>Header Files</Filter>
    </ClInclude>
    <ClInclude Include="CustomTreeNode.h">
      <Filter>Header Files</Filter>
    </ClInclude>
    <ClInclude Include="GenericFrameView.h">
      <Filter>Header Files</Filter>
    </ClInclude>
    <ClInclude Include="LinkedTreeView.h">
      <Filter>Header Files</Filter>
    </ClInclude>
    <ClInclude Include="CustomTreeView.h">
      <Filter>Header Files</Filter>
    </ClInclude>
    <ClInclude Include="XMLTagView.h">
      <Filter>Header Files</Filter>
    </ClInclude>
    <ClInclude Include="TreePageNode.h">
      <Filter>Header Files</Filter>
    </ClInclude>
    <ClInclude Include="TreePage.h">
      <Filter>Header Files</Filter>
    </ClInclude>
    <ClInclude Include="CustomTreeCtrl.h">
      <Filter>Header Files</Filter>
    </ClInclude>
    <ClInclude Include="..\Databases\ArgList.h">
      <Filter>OtherSharedCode</Filter>
    </ClInclude>
    <ClInclude Include="..\Databases\ArgStringList.h">
      <Filter>OtherSharedCode</Filter>
    </ClInclude>
    <ClInclude Include="..\OtherFunctions\StringFunctions.h">
      <Filter>OtherSharedCode</Filter>
    </ClInclude>
    <ClInclude Include="..\VariableLists\StringVectorList.h">
      <Filter>OtherSharedCode</Filter>
    </ClInclude>
    <ClInclude Include="MultiViewApp.h">
      <Filter>MultiView</Filter>
    </ClInclude>
    <ClInclude Include="..\VariableLists\VariableList.h">
      <Filter>OtherSharedCode</Filter>
    </ClInclude>
    <ClInclude Include="AboutDlg.h">
      <Filter>Header Files</Filter>
    </ClInclude>
    <ClInclude Include="$(BlazesSharedCode)\Databases\CustomDictionary.h">
      <Filter>OtherSharedCode</Filter>
    </ClInclude>
    <ClInclude Include="$(BlazesSharedCode)\Databases\CustomOrderedDictionary.h">
      <Filter>OtherSharedCode</Filter>
    </ClInclude>
    <ClInclude Include="$(BlazesSharedCode)\Databases\IndexedDictionary.h">
      <Filter>OtherSharedCode</Filter>
    </ClInclude>
    <ClInclude Include="$(BlazesSharedCode)\AltNum\MediumDec.hpp">
      <Filter>OtherSharedCode</Filter>
    </ClInclude>
    <ClInclude Include="$(BlazesSharedCode)\QuadVector\QuadVector.h">
      <Filter>OtherSharedCode</Filter>
    </ClInclude>
    <ClInclude Include="$(BlazesSharedCode)\QuadVector\QuadVectorFunctions.h">
      <Filter>OtherSharedCode</Filter>
    </ClInclude>
    <ClInclude Include="Resource.h">
      <Filter>LessImportantFiles</Filter>
    </ClInclude>
    <ClInclude Include="$(BlazesSharedCode)\OtherFunctions\MFCMacros.h">
      <Filter>OtherSharedCode</Filter>
    </ClInclude>
    <ClInclude Include="DLG_TreeNodeText.h">
      <Filter>LessImportantFiles</Filter>
    </ClInclude>
    <ClInclude Include="MultiViewDoc.h">
      <Filter>LessImportantFiles</Filter>
    </ClInclude>
    <ClInclude Include="..\MFCApp\AppSettings.h">
      <Filter>OtherSharedCode</Filter>
    </ClInclude>
    <ClInclude Include="MFView.h">
      <Filter>LessImportantFiles</Filter>
    </ClInclude>
    <ClInclude Include="..\Databases\IniDataV2.h">
      <Filter>OtherSharedCode</Filter>
    </ClInclude>
    <ClInclude Include="BasicMultiviewTemplate.h">
      <Filter>MultiView</Filter>
    </ClInclude>
    <ClInclude Include="MainFrm.h">
      <Filter>LessImportantFiles</Filter>
    </ClInclude>
  </ItemGroup>
  <ItemGroup>
    <Image Include="res\MultiView.ico">
      <Filter>Resource Files</Filter>
    </Image>
    <Image Include="res\MultiViewDoc.ico">
      <Filter>Resource Files</Filter>
    </Image>
    <Image Include="res\Toolbar.bmp">
      <Filter>Resource Files</Filter>
    </Image>
  </ItemGroup>
  <ItemGroup>
    <None Include="res\MultiView.rc2">
      <Filter>Resource Files</Filter>
    </None>
  </ItemGroup>
  <ItemGroup>
    <ResourceCompile Include="MultiView.rc">
      <Filter>Resource Files</Filter>
    </ResourceCompile>
  </ItemGroup>
</Project>