<?xml version="1.0" encoding="utf-8"?>
<Project ToolsVersion="4.0" xmlns="http://schemas.microsoft.com/developer/msbuild/2003">
  <ItemGroup>
    <Filter Include="Source Files">
      <UniqueIdentifier>{4FC737F1-C7A5-4376-A066-2A32D752A2FF}</UniqueIdentifier>
      <Extensions>cpp;c;cc;cxx;c++;cppm;ixx;def;odl;idl;hpj;bat;asm;asmx</Extensions>
    </Filter>
    <Filter Include="Header Files">
      <UniqueIdentifier>{93995380-89BD-4b04-88EB-625FBE52EBFB}</UniqueIdentifier>
      <Extensions>h;hh;hpp;hxx;h++;hm;inl;inc;ipp;xsd</Extensions>
    </Filter>
    <Filter Include="Resource Files">
      <UniqueIdentifier>{67DA6AB6-F800-4c08-8B7A-83BB121AAD01}</UniqueIdentifier>
      <Extensions>rc;ico;cur;bmp;dlg;rc2;rct;bin;rgs;gif;jpg;jpeg;jpe;resx;tiff;tif;png;wav;mfcribbon-ms</Extensions>
    </Filter>
    <Filter Include="ProcessingThread">
      <UniqueIdentifier>{d0fd85fa-874b-43ea-8e50-7bc3ddbe10d0}</UniqueIdentifier>
    </Filter>
    <Filter Include="TSL">
      <UniqueIdentifier>{a7bf7f0a-5f52-47ab-ad5a-6d01d3a3c9a9}</UniqueIdentifier>
    </Filter>
    <Filter Include="ViewFiles">
      <UniqueIdentifier>{2a69c0b5-4589-4d75-b6c6-9bbc42bc0584}</UniqueIdentifier>
    </Filter>
    <Filter Include="BlazesRusSharedCode">
      <UniqueIdentifier>{bfdd3849-a8b9-40a8-a8d5-7120a8cda092}</UniqueIdentifier>
    </Filter>
  </ItemGroup>
  <ItemGroup>
    <ClInclude Include="MFCApp.h">
      <Filter>ProcessingThread</Filter>
    </ClInclude>
    <ClCompile Include="MFCApp.cpp">
      <Filter>ProcessingThread</Filter>
    </ClCompile>
    <ClInclude Include="AppProcessing.h">
      <Filter>ProcessingThread</Filter>
    </ClInclude>
    <ClCompile Include="AppProcessing.cpp">
      <Filter>ProcessingThread</Filter>
    </ClCompile>
    <ClInclude Include="TextViewProcessing.h">
      <Filter>ProcessingThread</Filter>
    </ClInclude>
    <ClCompile Include="TextViewProcessing.cpp">
      <Filter>ProcessingThread</Filter>
    </ClCompile>
    <ClInclude Include="$(BlazesSharedCode)\VariableLists\VariableList.h">
      <Filter>Header Files</Filter>
    </ClInclude>
    <ClInclude Include="AboutDlg.hpp">
      <Filter>Header Files</Filter>
    </ClInclude>
    <ClInclude Include="OutputWnd.h">
      <Filter>Header Files</Filter>
    </ClInclude>
    <ClInclude Include="ContextMenu.h">
      <Filter>ViewFiles</Filter>
    </ClInclude>
    <ClInclude Include="$(BlazesSharedCode)\VariableLists\StringVectorList.h">
      <Filter>BlazesRusSharedCode</Filter>
    </ClInclude>
    <ClInclude Include="..\OtherFunctions\StringFunctions.h">
      <Filter>BlazesRusSharedCode</Filter>
    </ClInclude>
  </ItemGroup>
  <ItemGroup>
    <ClInclude Include="MFCFramework.h">
      <Filter>Header Files</Filter>
    </ClInclude>
    <ClInclude Include="targetver.h">
      <Filter>Header Files</Filter>
    </ClInclude>
    <ClInclude Include="MFCFrame.h">
      <Filter>Header Files</Filter>
    </ClInclude>
    <ClInclude Include="MFCSubFrame.h">
      <Filter>Header Files</Filter>
    </ClInclude>
    <ClInclude Include="MFCDoc.h">
      <Filter>Header Files</Filter>
    </ClInclude>
    <ClInclude Include="MFCView.h">
      <Filter>Header Files</Filter>
    </ClInclude>
    <ClInclude Include="MFCRes.h">
      <Filter>Header Files</Filter>
    </ClInclude>
    <ClInclude Include="MFCpch.h">
      <Filter>Header Files</Filter>
    </ClInclude>
  </ItemGroup>
  <ItemGroup>
    <ClCompile Include="MFCFrame.cpp">
      <Filter>Source Files</Filter>
    </ClCompile>
    <ClCompile Include="MFCSubFrame.cpp">
      <Filter>Source Files</Filter>
    </ClCompile>
    <ClCompile Include="MFCDoc.cpp">
      <Filter>Source Files</Filter>
    </ClCompile>
    <ClCompile Include="MFCView.cpp">
      <Filter>Source Files</Filter>
    </ClCompile>
    <ClCompile Include="MFCpch.cpp">
      <Filter>Source Files</Filter>
    </ClCompile>
    <ClCompile Include="OutputWnd.cpp">
      <Filter>Source Files</Filter>
    </ClCompile>
    <ClCompile Include="$(BlazesSharedCode)\VariableLists\StringVectorList.cpp">
      <Filter>BlazesRusSharedCode</Filter>
    </ClCompile>
    <ClCompile Include="ContextMenu.cpp">
      <Filter>ViewFiles</Filter>
    </ClCompile>
    <ClCompile Include="TextView.cpp">
      <Filter>ViewFiles</Filter>
    </ClCompile>
    <ClCompile Include="TextView.h">
      <Filter>ViewFiles</Filter>
    </ClCompile>
    <ClCompile Include="..\OtherFunctions\StringFunctions.cpp">
      <Filter>BlazesRusSharedCode</Filter>
    </ClCompile>
  </ItemGroup>
  <ItemGroup>
    <ClCompile Include="MFCView.cpp">
      <Filter>Source Files</Filter>
    </ClCompile>
    <ClCompile Include="MFCpch.cpp">
      <Filter>Source Files</Filter>
    </ClCompile>
  </ItemGroup>
  <ItemGroup>
    <ResourceCompile Include="MFCApp.rc">
      <Filter>Resource Files</Filter>
    </ResourceCompile>
  </ItemGroup>
  <ItemGroup>
    <None Include="res\MFCApp.rc2">
      <Filter>Resource Files</Filter>
    </None>
  </ItemGroup>
  <ItemGroup>
    <Image Include="res\MFCDoc.ico">
      <Filter>Resource Files</Filter>
    </Image>
    <Image Include="res\App.ico">
      <Filter>Resource Files</Filter>
    </Image>
    <Image Include="res\Toolbar.bmp">
      <Filter>Resource Files</Filter>
    </Image>
    <Image Include="res\output_wnd.ico">
      <Filter>Resource Files</Filter>
    </Image>
  </ItemGroup>
</Project>