<?xml version="1.0" encoding="utf-8"?>
<Project ToolsVersion="4.0" xmlns="http://schemas.microsoft.com/developer/msbuild/2003">
  <ItemGroup>
    <Filter Include="Source Files">
      <UniqueIdentifier>{c6903bf2-53bb-4b89-ac30-6a07cc435db7}</UniqueIdentifier>
      <Extensions>cpp;c;cxx;rc;def;r;odl;idl;hpj;bat</Extensions>
    </Filter>
    <Filter Include="Header Files">
      <UniqueIdentifier>{0a00661c-3b6a-4df2-a085-6241c79f3344}</UniqueIdentifier>
      <Extensions>h;hpp;hxx;hm;inl</Extensions>
    </Filter>
    <Filter Include="Resource Files">
      <UniqueIdentifier>{71ca641f-3158-4128-ba9e-2dd39652e6a0}</UniqueIdentifier>
      <Extensions>ico;cur;bmp;dlg;rc2;rct;bin;rgs;gif;jpg;jpeg;jpe</Extensions>
    </Filter>
    <Filter Include="MultiView">
      <UniqueIdentifier>{e3ccac91-12d8-4199-afd7-0792b2cde47b}</UniqueIdentifier>
    </Filter>
  </ItemGroup>
  <ItemGroup>
    <ClCompile Include="$(CPPSource)\GlobalCode_IniData\IniDataV2.cpp">
      <Filter>Source Files</Filter>
    </ClCompile>
    <ClCompile Include="$(CPPSource)\GlobalCode_QuadVector\QuadVector.cpp">
      <Filter>Source Files</Filter>
    </ClCompile>
    <ClCompile Include="$(CPPSource)\GlobalCode_QuadVector\QuadVectorFunctions.cpp">
      <Filter>Source Files</Filter>
    </ClCompile>
    <ClCompile Include="$(CPPSource)\GlobalCode_StringFunctions\StringFunctions.cpp">
      <Filter>Source Files</Filter>
    </ClCompile>
    <ClCompile Include="$(CPPSource)\GlobalCode_VariableConversionFunctions\VariableConversionFunctions.cpp">
      <Filter>Source Files</Filter>
    </ClCompile>
    <ClCompile Include="$(CPPSource)\GlobalCode_VariableLists\StringVectorList.cpp">
      <Filter>Source Files</Filter>
    </ClCompile>
    <ClCompile Include="$(CPPSource)\GlobalCode_VariableLists\VariableTypeLists.cpp">
      <Filter>Source Files</Filter>
    </ClCompile>
    <ClCompile Include="$(CPPSource)\GlobalCode_VariableLists\VariableVectorFunctions.cpp">
      <Filter>Source Files</Filter>
    </ClCompile>
    <ClCompile Include="$(CPPSource)\GlobalCode_ExperimentalCode\MediumDec.cpp">
      <Filter>Source Files</Filter>
    </ClCompile>
    <ClCompile Include="MainFrm.cpp">
      <Filter>MultiView</Filter>
    </ClCompile>
    <ClCompile Include="MultiViewDoc.cpp">
      <Filter>MultiView</Filter>
    </ClCompile>
    <ClCompile Include="MultiviewPrecompile.cpp">
      <Filter>MultiView</Filter>
    </ClCompile>
    <ClCompile Include="MultiViewView.cpp">
      <Filter>MultiView</Filter>
    </ClCompile>
    <ClCompile Include="OtherView.cpp">
      <Filter>MultiView</Filter>
    </ClCompile>
    <ClCompile Include="MultiViewApp.cpp">
      <Filter>MultiView</Filter>
    </ClCompile>
    <ClCompile Include="FusedFrameWindow.cpp">
      <Filter>MultiView</Filter>
    </ClCompile>
    <ClCompile Include="TreeCtrlPage.cpp">
      <Filter>MultiView</Filter>
    </ClCompile>
    <ClCompile Include="ContextMenu.cpp">
      <Filter>MultiView</Filter>
    </ClCompile>
    <ClCompile Include="DLG_TreeNodeText.cpp">
      <Filter>MultiView</Filter>
    </ClCompile>
    <ClCompile Include="TreePage.cpp">
      <Filter>MultiView</Filter>
    </ClCompile>
    <ClCompile Include="..\GlobalCode_NodeTrees\TagPosition.cpp">
      <Filter>Header Files</Filter>
    </ClCompile>
    <ClCompile Include="..\GlobalCode_NodeTrees\VariableData.cpp">
      <Filter>Header Files</Filter>
    </ClCompile>
    <ClCompile Include="..\GlobalCode_NodeTrees\XMLOption.cpp">
      <Filter>Header Files</Filter>
    </ClCompile>
    <ClCompile Include="..\GlobalCode_NodeTrees\TagNodeTreeTemplate.cpp">
      <Filter>Header Files</Filter>
    </ClCompile>
  </ItemGroup>
  <ItemGroup>
    <ClInclude Include="Resource.h">
      <Filter>Header Files</Filter>
    </ClInclude>
    <ClInclude Include="$(CPPSource)\tsl\ordered_map.h">
      <Filter>Header Files</Filter>
    </ClInclude>
    <ClInclude Include="$(CPPSource)\tsl\ordered_set.h">
      <Filter>Header Files</Filter>
    </ClInclude>
    <ClInclude Include="$(CPPSource)\GlobalCode_IniData\CustomDictionary.h">
      <Filter>Header Files</Filter>
    </ClInclude>
    <ClInclude Include="$(CPPSource)\GlobalCode_IniData\CustomOrderedDictionary.h">
      <Filter>Header Files</Filter>
    </ClInclude>
    <ClInclude Include="$(CPPSource)\GlobalCode_IniData\IndexedDictionary.h">
      <Filter>Header Files</Filter>
    </ClInclude>
    <ClInclude Include="$(CPPSource)\GlobalCode_IniData\IniDataV2.h">
      <Filter>Header Files</Filter>
    </ClInclude>
    <ClInclude Include="$(CPPSource)\GlobalCode_IniData\OrderedIniData.h">
      <Filter>Header Files</Filter>
    </ClInclude>
    <ClInclude Include="$(CPPSource)\GlobalCode_QuadVector\QuadVector.h">
      <Filter>Header Files</Filter>
    </ClInclude>
    <ClInclude Include="$(CPPSource)\GlobalCode_QuadVector\QuadVectorFunctions.h">
      <Filter>Header Files</Filter>
    </ClInclude>
    <ClInclude Include="$(CPPSource)\GlobalCode_StringFunctions\StringFunctions.h">
      <Filter>Header Files</Filter>
    </ClInclude>
    <ClInclude Include="$(CPPSource)\GlobalCode_VariableConversionFunctions\VariableConversionFunctions.h">
      <Filter>Header Files</Filter>
    </ClInclude>
    <ClInclude Include="$(CPPSource)\GlobalCode_VariableLists\StringVectorList.h">
      <Filter>Header Files</Filter>
    </ClInclude>
    <ClInclude Include="$(CPPSource)\GlobalCode_VariableLists\VariableList.h">
      <Filter>Header Files</Filter>
    </ClInclude>
    <ClInclude Include="$(CPPSource)\GlobalCode_VariableLists\VariableTypeLists.h">
      <Filter>Header Files</Filter>
    </ClInclude>
    <ClInclude Include="$(CPPSource)\GlobalCode_VariableLists\VariableVectorFunctions.h">
      <Filter>Header Files</Filter>
    </ClInclude>
    <ClInclude Include="$(CPPSource)\GlobalCode_ExperimentalCode\MediumDec.h">
      <Filter>Header Files</Filter>
    </ClInclude>
    <ClInclude Include="$(CPPSource)\tsl\ordered_hash.h">
      <Filter>Header Files</Filter>
    </ClInclude>
    <ClInclude Include="MainFrm.h">
      <Filter>MultiView</Filter>
    </ClInclude>
    <ClInclude Include="MultiViewView.h">
      <Filter>MultiView</Filter>
    </ClInclude>
    <ClInclude Include="MultiviewPrecompile.h">
      <Filter>MultiView</Filter>
    </ClInclude>
    <ClInclude Include="MultiViewDoc.h">
      <Filter>MultiView</Filter>
    </ClInclude>
    <ClInclude Include="MultiViewApp.h">
      <Filter>MultiView</Filter>
    </ClInclude>
    <ClInclude Include="OtherView.h">
      <Filter>MultiView</Filter>
    </ClInclude>
    <ClInclude Include="FusedFrameWindow.h">
      <Filter>MultiView</Filter>
    </ClInclude>
    <ClInclude Include="$(CPPSource)\GlobalCode_IniData\PointerDictionary.h">
      <Filter>Header Files</Filter>
    </ClInclude>
    <ClInclude Include="$(CPPSource)\GlobalCode_IniData\OrderedPointerDictionary.h">
      <Filter>Header Files</Filter>
    </ClInclude>
    <ClInclude Include="$(CPPSource)\GlobalCode_IniData\IndexedPDictionary.h">
      <Filter>Header Files</Filter>
    </ClInclude>
    <ClInclude Include="BasicMultiviewTemplate.h">
      <Filter>MultiView</Filter>
    </ClInclude>
    <ClInclude Include="AboutDlg.h">
      <Filter>MultiView</Filter>
    </ClInclude>
    <ClInclude Include="HalfPagedMultiview.h">
      <Filter>MultiView</Filter>
    </ClInclude>
    <ClInclude Include="CustomTreeNode.h">
      <Filter>MultiView</Filter>
    </ClInclude>
    <ClInclude Include="CustomTreeCtrl.h">
      <Filter>MultiView</Filter>
    </ClInclude>
    <ClInclude Include="TreeCtrlPage.h">
      <Filter>MultiView</Filter>
    </ClInclude>
    <ClInclude Include="CustomTreeView.h">
      <Filter>MultiView</Filter>
    </ClInclude>
    <ClInclude Include="ContextMenu.h">
      <Filter>MultiView</Filter>
    </ClInclude>
    <ClInclude Include="TemplateMacros.h">
      <Filter>MultiView</Filter>
    </ClInclude>
    <ClInclude Include="DLG_TreeNodeText.h">
      <Filter>MultiView</Filter>
    </ClInclude>
    <ClInclude Include="TreePage.h">
      <Filter>MultiView</Filter>
    </ClInclude>
    <ClInclude Include="$(CPPSource)\DLLAPI.h">
      <Filter>Header Files</Filter>
    </ClInclude>
    <ClInclude Include="..\GlobalCode_NodeTrees\VariableData.h">
      <Filter>Header Files</Filter>
    </ClInclude>
    <ClInclude Include="..\GlobalCode_NodeTrees\XMLOption.h">
      <Filter>Header Files</Filter>
    </ClInclude>
    <ClInclude Include="..\GlobalCode_NodeTrees\XMLTagTree.h">
      <Filter>Header Files</Filter>
    </ClInclude>
    <ClInclude Include="..\GlobalCode_NodeTrees\LooseNodeTreeTemplate.h">
      <Filter>Header Files</Filter>
    </ClInclude>
    <ClInclude Include="..\GlobalCode_NodeTrees\TagNodeTreeTemplate.h">
      <Filter>Header Files</Filter>
    </ClInclude>
    <ClInclude Include="..\GlobalCode_NodeTrees\TagPosition.h">
      <Filter>Header Files</Filter>
    </ClInclude>
    <ClInclude Include="..\VirtualType.h">
      <Filter>Header Files</Filter>
    </ClInclude>
  </ItemGroup>
  <ItemGroup>
    <Image Include="res\MultiView.ico">
      <Filter>Resource Files</Filter>
    </Image>
    <Image Include="res\MultiViewDoc.ico">
      <Filter>Resource Files</Filter>
    </Image>
    <Image Include="res\Toolbar.bmp">
      <Filter>Resource Files</Filter>
    </Image>
  </ItemGroup>
  <ItemGroup>
    <CustomBuild Include="res\MultiView.rc2">
      <Filter>Resource Files</Filter>
    </CustomBuild>
  </ItemGroup>
  <ItemGroup>
    <ResourceCompile Include="MultiView.rc">
      <Filter>Resource Files</Filter>
    </ResourceCompile>
  </ItemGroup>
</Project>