<?xml version="1.0" encoding="utf-8"?>
<Project ToolsVersion="4.0" xmlns="http://schemas.microsoft.com/developer/msbuild/2003">
  <ItemGroup>
    <Filter Include="Source Files">
      <UniqueIdentifier>{c6903bf2-53bb-4b89-ac30-6a07cc435db7}</UniqueIdentifier>
      <Extensions>cpp;c;cxx;rc;def;r;odl;idl;hpj;bat</Extensions>
    </Filter>
    <Filter Include="Header Files">
      <UniqueIdentifier>{0a00661c-3b6a-4df2-a085-6241c79f3344}</UniqueIdentifier>
      <Extensions>h;hpp;hxx;hm;inl</Extensions>
    </Filter>
    <Filter Include="Resource Files">
      <UniqueIdentifier>{71ca641f-3158-4128-ba9e-2dd39652e6a0}</UniqueIdentifier>
      <Extensions>ico;cur;bmp;dlg;rc2;rct;bin;rgs;gif;jpg;jpeg;jpe</Extensions>
    </Filter>
    <Filter Include="MultiView">
      <UniqueIdentifier>{e3ccac91-12d8-4199-afd7-0792b2cde47b}</UniqueIdentifier>
    </Filter>
    <Filter Include="Header Files\GlobalCode">
      <UniqueIdentifier>{13e2e699-a199-48af-87e2-5ad7f29bd50c}</UniqueIdentifier>
    </Filter>
    <Filter Include="NodeTreeStuff">
      <UniqueIdentifier>{1664e39f-4e74-469c-a72d-2b011c9daa74}</UniqueIdentifier>
    </Filter>
    <Filter Include="Source Files\GlobalCode">
      <UniqueIdentifier>{96a2085a-bee7-47c9-b291-db3b059bf2ad}</UniqueIdentifier>
    </Filter>
    <Filter Include="TSL">
      <UniqueIdentifier>{aeadce5e-4f69-4c63-98f4-c0e7db367732}</UniqueIdentifier>
    </Filter>
    <Filter Include="NodeTreeStuff\OldNodeTreeCode">
      <UniqueIdentifier>{ca885644-c240-41d8-90b3-7a7579e96b50}</UniqueIdentifier>
    </Filter>
    <Filter Include="NodeTreeStuff\OldHkNodeTreeStuff">
      <UniqueIdentifier>{8644373c-f86c-4dd3-a3f4-54571953ad19}</UniqueIdentifier>
    </Filter>
  </ItemGroup>
  <ItemGroup>
    <ClCompile Include="TreeCtrlPage.cpp">
      <Filter>MultiView</Filter>
    </ClCompile>
    <ClCompile Include="$(BlazesGlobalCode)\GlobalCode_NodeTrees\VariableData.cpp">
      <Filter>Source Files</Filter>
    </ClCompile>
    <ClCompile Include="$(BlazesGlobalCode)\PagedMultiviewTreeControl\MainFrm.cpp">
      <Filter>Source Files</Filter>
    </ClCompile>
    <ClCompile Include="$(BlazesGlobalCode)\PagedMultiviewTreeControl\MultiViewDoc.cpp">
      <Filter>Source Files</Filter>
    </ClCompile>
    <ClCompile Include="$(BlazesGlobalCode)\PagedMultiviewTreeControl\OtherView.cpp">
      <Filter>Source Files</Filter>
    </ClCompile>
    <ClCompile Include="$(BlazesGlobalCode)\PagedMultiviewTreeControl\MultiviewPrecompile.cpp">
      <Filter>Source Files</Filter>
    </ClCompile>
    <ClCompile Include="$(BlazesGlobalCode)\PagedMultiviewTreeControl\ContextMenu.cpp">
      <Filter>NodeTreeStuff</Filter>
    </ClCompile>
    <ClCompile Include="$(BlazesGlobalCode)\PagedMultiviewTreeControl\DLG_TreeNodeText.cpp">
      <Filter>NodeTreeStuff</Filter>
    </ClCompile>
    <ClCompile Include="$(BlazesGlobalCode)\PagedMultiviewTreeControl\XMLTagView.cpp">
      <Filter>NodeTreeStuff</Filter>
    </ClCompile>
    <ClCompile Include="$(BlazesGlobalCode)\PagedMultiviewTreeControl\MultiViewApp.cpp">
      <Filter>MultiView</Filter>
    </ClCompile>
    <ClCompile Include="$(BlazesGlobalCode)\GlobalCode_IniData\IniDataV2.cpp">
      <Filter>Source Files\GlobalCode</Filter>
    </ClCompile>
    <ClCompile Include="$(BlazesGlobalCode)\GlobalCode_VariableLists\VariableVectorFunctions.cpp">
      <Filter>Source Files\GlobalCode</Filter>
    </ClCompile>
    <ClCompile Include="$(BlazesGlobalCode)\GlobalCode_VariableLists\VariableTypeLists.cpp">
      <Filter>Source Files\GlobalCode</Filter>
    </ClCompile>
    <ClCompile Include="$(BlazesGlobalCode)\GlobalCode_VariableConversionFunctions\VariableConversionFunctions.cpp">
      <Filter>Source Files\GlobalCode</Filter>
    </ClCompile>
    <ClCompile Include="$(BlazesGlobalCode)\GlobalCode_VariableLists\StringVectorList.cpp">
      <Filter>Source Files\GlobalCode</Filter>
    </ClCompile>
    <ClCompile Include="$(BlazesGlobalCode)\GlobalCode_StringFunctions\StringFunctions.cpp">
      <Filter>Source Files\GlobalCode</Filter>
    </ClCompile>
    <ClCompile Include="$(BlazesGlobalCode)\GlobalCode_QuadVector\QuadVectorFunctions.cpp">
      <Filter>Source Files\GlobalCode</Filter>
    </ClCompile>
    <ClCompile Include="$(BlazesGlobalCode)\GlobalCode_QuadVector\QuadVector.cpp">
      <Filter>Source Files\GlobalCode</Filter>
    </ClCompile>
    <ClCompile Include="$(BlazesGlobalCode)\PagedMultiviewTreeControl\TreePage.cpp">
      <Filter>Header Files</Filter>
    </ClCompile>
    <ClCompile Include="$(BlazesGlobalCode)\GlobalCode_ExperimentalCode\MediumDec.cpp">
      <Filter>Source Files\GlobalCode</Filter>
    </ClCompile>
    <ClCompile Include="..\GlobalCode_NodeTrees\TagNodeTreeTemplate.cpp">
      <Filter>NodeTreeStuff\OldNodeTreeCode</Filter>
    </ClCompile>
    <ClCompile Include="..\GlobalCode_NodeTrees\XMLOption.cpp">
      <Filter>NodeTreeStuff\OldNodeTreeCode</Filter>
    </ClCompile>
    <ClCompile Include="I:\UserFiles\ProgrammingInfo\C++ code\HkBasedCode\BlazesBehaviorFileMerger.cpp">
      <Filter>NodeTreeStuff\OldHkNodeTreeStuff</Filter>
    </ClCompile>
    <ClCompile Include="I:\UserFiles\ProgrammingInfo\C++ code\HkBasedCode\DifferenceData.cpp">
      <Filter>NodeTreeStuff\OldHkNodeTreeStuff</Filter>
    </ClCompile>
    <ClCompile Include="I:\UserFiles\ProgrammingInfo\C++ code\HkBasedCode\HkBhvData.cpp">
      <Filter>NodeTreeStuff\OldHkNodeTreeStuff</Filter>
    </ClCompile>
    <ClCompile Include="I:\UserFiles\ProgrammingInfo\C++ code\HkBasedCode\HkBhvNodeTree.cpp">
      <Filter>NodeTreeStuff\OldHkNodeTreeStuff</Filter>
    </ClCompile>
    <ClCompile Include="I:\UserFiles\ProgrammingInfo\C++ code\HkBasedCode\HkClassUsageTree.cpp">
      <Filter>NodeTreeStuff\OldHkNodeTreeStuff</Filter>
    </ClCompile>
    <ClCompile Include="..\..\..\BHVEditor\bvhTweak\HkBasedCode\HkTreeView.cpp">
      <Filter>NodeTreeStuff</Filter>
    </ClCompile>
    <ClCompile Include="AudioSupportedContextMenu.cpp">
      <Filter>Source Files</Filter>
    </ClCompile>
  </ItemGroup>
  <ItemGroup>
    <ClInclude Include="$(BlazesGlobalCode)\GlobalCode_StringFunctions\StringFunctions.h">
      <Filter>Header Files</Filter>
    </ClInclude>
    <ClInclude Include="$(BlazesGlobalCode)\GlobalCode_VariableLists\StringVectorList.h">
      <Filter>Header Files</Filter>
    </ClInclude>
    <ClInclude Include="$(BlazesGlobalCode)\PagedMultiviewTreeControl\CustomTreeCtrl.h">
      <Filter>Header Files</Filter>
    </ClInclude>
    <ClInclude Include="$(BlazesGlobalCode)\PagedMultiviewTreeControl\TemplateMacros.h">
      <Filter>Header Files</Filter>
    </ClInclude>
    <ClInclude Include="$(BlazesGlobalCode)\PagedMultiviewTreeControl\TreeCtrlPage.h">
      <Filter>Header Files</Filter>
    </ClInclude>
    <ClInclude Include="$(BlazesGlobalCode)\PagedMultiviewTreeControl\AboutDlg.h">
      <Filter>Header Files</Filter>
    </ClInclude>
    <ClInclude Include="$(BlazesGlobalCode)\PagedMultiviewTreeControl\BasicMultiviewTemplate.h">
      <Filter>Header Files</Filter>
    </ClInclude>
    <ClInclude Include="$(BlazesGlobalCode)\PagedMultiviewTreeControl\MainFrm.h">
      <Filter>Header Files</Filter>
    </ClInclude>
    <ClInclude Include="$(BlazesGlobalCode)\PagedMultiviewTreeControl\MultiViewDoc.h">
      <Filter>Header Files</Filter>
    </ClInclude>
    <ClInclude Include="$(BlazesGlobalCode)\PagedMultiviewTreeControl\OtherView.h">
      <Filter>Header Files</Filter>
    </ClInclude>
    <ClInclude Include="$(BlazesGlobalCode)\PagedMultiviewTreeControl\Resource.h">
      <Filter>Header Files</Filter>
    </ClInclude>
    <ClInclude Include="$(BlazesGlobalCode)\PagedMultiviewTreeControl\MultiviewPrecompile.h">
      <Filter>Header Files</Filter>
    </ClInclude>
    <ClInclude Include="$(BlazesGlobalCode)\GlobalCode_IniData\IndexedDictionary.h">
      <Filter>Header Files\GlobalCode</Filter>
    </ClInclude>
    <ClInclude Include="$(BlazesGlobalCode)\GlobalCode_IniData\IndexedPDictionary.h">
      <Filter>Header Files\GlobalCode</Filter>
    </ClInclude>
    <ClInclude Include="$(BlazesGlobalCode)\GlobalCode_IniData\IniDataV2.h">
      <Filter>Header Files\GlobalCode</Filter>
    </ClInclude>
    <ClInclude Include="$(BlazesGlobalCode)\GlobalCode_IniData\CustomOrderedDictionary.h">
      <Filter>Header Files\GlobalCode</Filter>
    </ClInclude>
    <ClInclude Include="$(BlazesGlobalCode)\GlobalCode_IniData\CustomDictionary.h">
      <Filter>Header Files\GlobalCode</Filter>
    </ClInclude>
    <ClInclude Include="$(BlazesGlobalCode)\GlobalCode_ExperimentalCode\MediumDec.h">
      <Filter>Header Files\GlobalCode</Filter>
    </ClInclude>
    <ClInclude Include="$(BlazesGlobalCode)\PagedMultiviewTreeControl\WP_APPDefines.h">
      <Filter>NodeTreeStuff</Filter>
    </ClInclude>
    <ClInclude Include="$(BlazesGlobalCode)\PagedMultiviewTreeControl\HalfPagedMultiview.h">
      <Filter>NodeTreeStuff</Filter>
    </ClInclude>
    <ClInclude Include="$(BlazesGlobalCode)\PagedMultiviewTreeControl\CustomTreeView.h">
      <Filter>NodeTreeStuff</Filter>
    </ClInclude>
    <ClInclude Include="$(BlazesGlobalCode)\PagedMultiviewTreeControl\ContextMenu.h">
      <Filter>NodeTreeStuff</Filter>
    </ClInclude>
    <ClInclude Include="$(BlazesGlobalCode)\PagedMultiviewTreeControl\XMLTagViewNode.h">
      <Filter>NodeTreeStuff</Filter>
    </ClInclude>
    <ClInclude Include="$(BlazesGlobalCode)\PagedMultiviewTreeControl\GenericFrameView.h">
      <Filter>NodeTreeStuff</Filter>
    </ClInclude>
    <ClInclude Include="$(BlazesGlobalCode)\PagedMultiviewTreeControl\LinkedTreeView.h">
      <Filter>NodeTreeStuff</Filter>
    </ClInclude>
    <ClInclude Include="$(BlazesGlobalCode)\PagedMultiviewTreeControl\MFView.h">
      <Filter>NodeTreeStuff</Filter>
    </ClInclude>
    <ClInclude Include="$(BlazesGlobalCode)\PagedMultiviewTreeControl\XMLTagView.h">
      <Filter>NodeTreeStuff</Filter>
    </ClInclude>
    <ClInclude Include="$(BlazesGlobalCode)\PagedMultiviewTreeControl\CustomTreeNode.h">
      <Filter>NodeTreeStuff</Filter>
    </ClInclude>
    <ClInclude Include="$(BlazesGlobalCode)\PagedMultiviewTreeControl\MultiViewApp.h">
      <Filter>MultiView</Filter>
    </ClInclude>
    <ClInclude Include="$(BlazesGlobalCode)\PagedMultiviewTreeControl\TreePage.h">
      <Filter>Header Files</Filter>
    </ClInclude>
    <ClInclude Include="$(BlazesGlobalCode)\GlobalCode_IniData\PointerDictionary.h">
      <Filter>Header Files\GlobalCode</Filter>
    </ClInclude>
    <ClInclude Include="$(BlazesGlobalCode)\GlobalCode_IniData\OrderedPointerDictionary.h">
      <Filter>Header Files\GlobalCode</Filter>
    </ClInclude>
    <ClInclude Include="$(BlazesGlobalCode)\DLLAPI.h">
      <Filter>Header Files\GlobalCode</Filter>
    </ClInclude>
    <ClInclude Include="$(BlazesGlobalCode)\PagedMultiviewTreeControl\TreePageNode.h">
      <Filter>Header Files</Filter>
    </ClInclude>
    <ClInclude Include="$(BlazesGlobalCode)\GlobalCode_QuadVector\QuadVector.h">
      <Filter>Header Files\GlobalCode</Filter>
    </ClInclude>
    <ClInclude Include="$(BlazesGlobalCode)\GlobalCode_QuadVector\QuadVectorFunctions.h">
      <Filter>Header Files\GlobalCode</Filter>
    </ClInclude>
    <ClInclude Include="$(BlazesGlobalCode)\tsl\ordered_map.h">
      <Filter>TSL</Filter>
    </ClInclude>
    <ClInclude Include="$(BlazesGlobalCode)\tsl\ordered_hash.h">
      <Filter>TSL</Filter>
    </ClInclude>
    <ClInclude Include="$(BlazesGlobalCode)\tsl\ordered_set.h">
      <Filter>TSL</Filter>
    </ClInclude>
    <ClInclude Include="$(BlazesGlobalCode)\PagedMultiviewTreeControl\DLG_TreeNodeText.h">
      <Filter>NodeTreeStuff</Filter>
    </ClInclude>
    <ClInclude Include="BasicXMLNode.h">
      <Filter>NodeTreeStuff</Filter>
    </ClInclude>
    <ClInclude Include="$(BlazesGlobalCode)\GlobalCode_VariableLists\VariableList.h">
      <Filter>Header Files\GlobalCode</Filter>
    </ClInclude>
    <ClInclude Include="$(BlazesGlobalCode)\GlobalCode_VariableConversionFunctions\VariableConversionFunctions.h">
      <Filter>Header Files\GlobalCode</Filter>
    </ClInclude>
    <ClInclude Include="$(BlazesGlobalCode)\GlobalCode_VariableLists\VariableTypeLists.h">
      <Filter>Header Files\GlobalCode</Filter>
    </ClInclude>
    <ClInclude Include="$(BlazesGlobalCode)\GlobalCode_VariableLists\VariableVectorFunctions.h">
      <Filter>Header Files\GlobalCode</Filter>
    </ClInclude>
    <ClInclude Include="..\GlobalCode_NodeTrees\LooseNodeTreeTemplate.h">
      <Filter>NodeTreeStuff\OldNodeTreeCode</Filter>
    </ClInclude>
    <ClInclude Include="..\GlobalCode_NodeTrees\TagNodeTreeTemplate.h">
      <Filter>NodeTreeStuff\OldNodeTreeCode</Filter>
    </ClInclude>
    <ClInclude Include="$(BlazesGlobalCode)\GlobalCode_NodeTrees\VariableData.h">
      <Filter>NodeTreeStuff\OldNodeTreeCode</Filter>
    </ClInclude>
    <ClInclude Include="..\GlobalCode_NodeTrees\XMLOption.h">
      <Filter>NodeTreeStuff\OldNodeTreeCode</Filter>
    </ClInclude>
    <ClInclude Include="..\GlobalCode_NodeTrees\XMLTagTree.h">
      <Filter>NodeTreeStuff\OldNodeTreeCode</Filter>
    </ClInclude>
    <ClInclude Include="I:\UserFiles\ProgrammingInfo\C++ code\HkBasedCode\BlazesBehaviorFileMerger.h">
      <Filter>NodeTreeStuff\OldHkNodeTreeStuff</Filter>
    </ClInclude>
    <ClInclude Include="I:\UserFiles\ProgrammingInfo\C++ code\HkBasedCode\DifferenceData.h">
      <Filter>NodeTreeStuff\OldHkNodeTreeStuff</Filter>
    </ClInclude>
    <ClInclude Include="I:\UserFiles\ProgrammingInfo\C++ code\HkBasedCode\HavokActionTree.h">
      <Filter>NodeTreeStuff\OldHkNodeTreeStuff</Filter>
    </ClInclude>
    <ClInclude Include="I:\UserFiles\ProgrammingInfo\C++ code\HkBasedCode\HavokActionTreeOlder.h">
      <Filter>NodeTreeStuff\OldHkNodeTreeStuff</Filter>
    </ClInclude>
    <ClInclude Include="I:\UserFiles\ProgrammingInfo\C++ code\HkBasedCode\HkBhvData.h">
      <Filter>NodeTreeStuff\OldHkNodeTreeStuff</Filter>
    </ClInclude>
    <ClInclude Include="I:\UserFiles\ProgrammingInfo\C++ code\HkBasedCode\HkBhvNodeTree.h">
      <Filter>NodeTreeStuff\OldHkNodeTreeStuff</Filter>
    </ClInclude>
    <ClInclude Include="I:\UserFiles\ProgrammingInfo\C++ code\HkBasedCode\HkClassUsageTree.h">
      <Filter>NodeTreeStuff\OldHkNodeTreeStuff</Filter>
    </ClInclude>
    <ClInclude Include="$(HkBasedCode)\BasicHkNode.h">
      <Filter>Header Files</Filter>
    </ClInclude>
    <ClInclude Include="$(HkBasedCode)\HkTreeView.h">
      <Filter>Header Files</Filter>
    </ClInclude>
    <ClInclude Include="$(HkBasedCode)\HkTreeViewNode.h">
      <Filter>Header Files</Filter>
    </ClInclude>
    <ClInclude Include="CustomTreeViewWAudio.h">
      <Filter>NodeTreeStuff</Filter>
    </ClInclude>
    <ClInclude Include="AudioSupportedContextMenu.h">
      <Filter>NodeTreeStuff</Filter>
    </ClInclude>
  </ItemGroup>
  <ItemGroup>
    <Image Include="$(BlazesGlobalCode)\PagedMultiviewTreeControl\res\MultiView.ico">
      <Filter>Resource Files</Filter>
    </Image>
    <Image Include="$(BlazesGlobalCode)\PagedMultiviewTreeControl\res\MultiViewDoc.ico">
      <Filter>Resource Files</Filter>
    </Image>
    <Image Include="$(BlazesGlobalCode)\PagedMultiviewTreeControl\res\Toolbar.bmp">
      <Filter>Resource Files</Filter>
    </Image>
  </ItemGroup>
  <ItemGroup>
    <CustomBuild Include="$(BlazesGlobalCode)\PagedMultiviewTreeControl\res\MultiView.rc2">
      <Filter>Resource Files</Filter>
    </CustomBuild>
  </ItemGroup>
  <ItemGroup>
    <ResourceCompile Include="$(BlazesGlobalCode)\PagedMultiviewTreeControl\MultiView.rc">
      <Filter>Resource Files</Filter>
    </ResourceCompile>
  </ItemGroup>
</Project>