<?xml version="1.0" encoding="utf-8"?>
<Project ToolsVersion="4.0" xmlns="http://schemas.microsoft.com/developer/msbuild/2003">
  <ItemGroup>
    <Filter Include="Source Files">
      <UniqueIdentifier>{4FC737F1-C7A5-4376-A066-2A32D752A2FF}</UniqueIdentifier>
      <Extensions>cpp;c;cc;cxx;c++;def;odl;idl;hpj;bat;asm;asmx</Extensions>
    </Filter>
    <Filter Include="Header Files">
      <UniqueIdentifier>{93995380-89BD-4b04-88EB-625FBE52EBFB}</UniqueIdentifier>
      <Extensions>h;hh;hpp;hxx;h++;hm;inl;inc;ipp;xsd</Extensions>
    </Filter>
    <Filter Include="Resource Files">
      <UniqueIdentifier>{67DA6AB6-F800-4c08-8B7A-83BB121AAD01}</UniqueIdentifier>
      <Extensions>rc;ico;cur;bmp;dlg;rc2;rct;bin;rgs;gif;jpg;jpeg;jpe;resx;tiff;tif;png;wav;mfcribbon-ms</Extensions>
    </Filter>
    <Filter Include="Header Files\Databases">
      <UniqueIdentifier>{6a651203-4f20-463c-9c2d-b63511976dd8}</UniqueIdentifier>
    </Filter>
    <Filter Include="Source Files\Databases">
      <UniqueIdentifier>{9e54fa45-f0df-47c1-b62c-50f814c8bbd3}</UniqueIdentifier>
    </Filter>
    <Filter Include="Header Files\AltNum">
      <UniqueIdentifier>{bd16a6e5-8cd7-4b0b-b95f-3e9e6940ef7c}</UniqueIdentifier>
    </Filter>
    <Filter Include="Source Files\AltNum">
      <UniqueIdentifier>{6b0c053f-b414-40e6-8d16-52e2fb6f045b}</UniqueIdentifier>
    </Filter>
    <Filter Include="Header Files\tsl">
      <UniqueIdentifier>{8b17b1f9-0232-413c-a7c8-4e0ed8b63c8a}</UniqueIdentifier>
    </Filter>
    <Filter Include="Header Files\OtherFunctions">
      <UniqueIdentifier>{272f5fc2-0527-4d5d-a22f-94926265c11f}</UniqueIdentifier>
    </Filter>
    <Filter Include="Source Files\OtherFunctions">
      <UniqueIdentifier>{e7673aec-d6d0-4711-aaae-188c35242bbb}</UniqueIdentifier>
    </Filter>
    <Filter Include="Header Files\AltNum\AltDec">
      <UniqueIdentifier>{eae0208a-c03f-4805-91a4-7b89ffe6dd57}</UniqueIdentifier>
    </Filter>
    <Filter Include="Header Files\AltNum\MediumDec">
      <UniqueIdentifier>{1ca6d346-181d-43e9-a982-76e1c1e924f1}</UniqueIdentifier>
    </Filter>
    <Filter Include="Header Files\AltNum\MediumDecV2">
      <UniqueIdentifier>{0ddc18ad-2c49-4d79-9f41-9b4618d57a44}</UniqueIdentifier>
    </Filter>
    <Filter Include="Source Files\AltNum\AltDec">
      <UniqueIdentifier>{d6f296ce-abce-4a78-8722-17e6e7a87703}</UniqueIdentifier>
    </Filter>
    <Filter Include="Source Files\AltNum\MediumDec">
      <UniqueIdentifier>{eb6d439d-e695-40bc-892e-860debf9d460}</UniqueIdentifier>
    </Filter>
    <Filter Include="Source Files\AltNum\MediumDecV2">
      <UniqueIdentifier>{ef9c220f-55f7-4b50-891a-772a58f99297}</UniqueIdentifier>
    </Filter>
  </ItemGroup>
  <ItemGroup>
    <ClCompile Include="ExprFormulaTester.cpp">
      <Filter>Source Files</Filter>
    </ClCompile>
    <ClCompile Include="..\SharedCode\OtherFunctions\VariableConversionFunctions.cpp">
      <Filter>Source Files\OtherFunctions</Filter>
    </ClCompile>
    <ClCompile Include="..\SharedCode\OtherFunctions\StringFunctions.cpp">
      <Filter>Source Files\OtherFunctions</Filter>
    </ClCompile>
    <ClCompile Include="..\SharedCode\AltNum\AltDec_PowOp.cpp">
      <Filter>Source Files\AltNum\AltDec</Filter>
    </ClCompile>
    <ClCompile Include="..\SharedCode\AltNum\AltDec.cpp">
      <Filter>Source Files\AltNum\AltDec</Filter>
    </ClCompile>
    <ClCompile Include="..\SharedCode\AltNum\AltDec_ConvertToOtherRep.cpp">
      <Filter>Source Files\AltNum\AltDec</Filter>
    </ClCompile>
    <ClCompile Include="..\SharedCode\AltNum\MediumDecV2\MediumDecV2Base.cpp">
      <Filter>Header Files\AltNum\MediumDecV2</Filter>
    </ClCompile>
    <ClCompile Include="..\SharedCode\AltNum\AltDec\AddOp.cpp">
      <Filter>Source Files\AltNum\AltDec</Filter>
    </ClCompile>
    <ClCompile Include="..\SharedCode\AltNum\AltDec\AltDec.cpp">
      <Filter>Source Files\AltNum\AltDec</Filter>
    </ClCompile>
    <ClCompile Include="..\SharedCode\AltNum\AltDec\AltDecBase.cpp">
      <Filter>Source Files\AltNum\AltDec</Filter>
    </ClCompile>
    <ClCompile Include="..\SharedCode\AltNum\AltDec\DivOp.cpp">
      <Filter>Source Files\AltNum\AltDec</Filter>
    </ClCompile>
    <ClCompile Include="..\SharedCode\AltNum\AltDec\MultOp.cpp">
      <Filter>Source Files\AltNum\AltDec</Filter>
    </ClCompile>
    <ClCompile Include="..\SharedCode\AltNum\AltDec\PowOp.cpp">
      <Filter>Source Files\AltNum\AltDec</Filter>
    </ClCompile>
    <ClCompile Include="..\SharedCode\AltNum\AltDec\SubOp.cpp">
      <Filter>Source Files\AltNum\AltDec</Filter>
    </ClCompile>
    <ClCompile Include="..\SharedCode\AltNum\MediumDecV2\SubOp.cpp">
      <Filter>Source Files\AltNum\MediumDecV2</Filter>
    </ClCompile>
    <ClCompile Include="..\SharedCode\AltNum\MediumDecV2\PowOp.cpp">
      <Filter>Source Files\AltNum\MediumDecV2</Filter>
    </ClCompile>
    <ClCompile Include="..\SharedCode\AltNum\MediumDecV2\MultOp.cpp">
      <Filter>Source Files\AltNum\MediumDecV2</Filter>
    </ClCompile>
    <ClCompile Include="..\SharedCode\AltNum\MediumDecV2\MediumDecV2.cpp">
      <Filter>Source Files\AltNum\MediumDecV2</Filter>
    </ClCompile>
    <ClCompile Include="..\SharedCode\AltNum\MediumDecV2\DivOp.cpp">
      <Filter>Source Files\AltNum\MediumDecV2</Filter>
    </ClCompile>
    <ClCompile Include="..\SharedCode\AltNum\MediumDecV2\ConvertToOtherRep.cpp">
      <Filter>Source Files\AltNum\MediumDecV2</Filter>
    </ClCompile>
    <ClCompile Include="..\SharedCode\AltNum\MediumDecV2\AddOp.cpp">
      <Filter>Source Files\AltNum\MediumDecV2</Filter>
    </ClCompile>
  </ItemGroup>
  <ItemGroup>
    <ClInclude Include="..\SharedCode\DLLAPI.h">
      <Filter>Header Files</Filter>
    </ClInclude>
    <ClInclude Include="..\SharedCode\tsl\ordered_map.h">
      <Filter>Header Files\tsl</Filter>
    </ClInclude>
    <ClInclude Include="..\SharedCode\OtherFunctions\VariableConversionFunctions.h">
      <Filter>Header Files\OtherFunctions</Filter>
    </ClInclude>
    <ClInclude Include="..\SharedCode\OtherFunctions\StringFunctions.h">
      <Filter>Header Files\OtherFunctions</Filter>
    </ClInclude>
    <ClInclude Include="..\SharedCode\AltNum\MirroredInt.hpp">
      <Filter>Header Files\AltNum</Filter>
    </ClInclude>
    <ClInclude Include="..\SharedCode\AltNum\AltDec.hpp">
      <Filter>Header Files\AltNum\AltDec</Filter>
    </ClInclude>
    <ClInclude Include="..\SharedCode\AltNum\AltNumBase.hpp">
      <Filter>Header Files\AltNum\AltDec</Filter>
    </ClInclude>
    <ClInclude Include="..\SharedCode\AltNum\AltNumConversions.hpp">
      <Filter>Header Files\AltNum\AltDec</Filter>
    </ClInclude>
    <ClInclude Include="..\SharedCode\AltNum\MediumDec\AltNumBase.h">
      <Filter>Header Files\AltNum\MediumDec</Filter>
    </ClInclude>
    <ClInclude Include="..\SharedCode\AltNum\MediumDec\MediumDec.hpp">
      <Filter>Header Files\AltNum\MediumDec</Filter>
    </ClInclude>
    <ClInclude Include="..\SharedCode\AltNum\MediumDec\MediumDecBase.hpp">
      <Filter>Header Files\AltNum\MediumDec</Filter>
    </ClInclude>
    <ClInclude Include="..\SharedCode\AltNum\MediumDec\MediumDecPreprocessors.h">
      <Filter>Header Files\AltNum\MediumDec</Filter>
    </ClInclude>
    <ClInclude Include="..\SharedCode\AltNum\MediumDec\OtherMath.hpp">
      <Filter>Header Files\AltNum\MediumDec</Filter>
    </ClInclude>
    <ClInclude Include="..\SharedCode\AltNum\MediumDecV2\MediumDecV2Preprocessors.h">
      <Filter>Header Files\AltNum\MediumDecV2</Filter>
    </ClInclude>
    <ClInclude Include="..\SharedCode\AltNum\MediumDecV2\MediumDecV2Base.hpp">
      <Filter>Header Files\AltNum\MediumDecV2</Filter>
    </ClInclude>
    <ClInclude Include="..\SharedCode\AltNum\MediumDecV2\MediumDecV2.hpp">
      <Filter>Header Files\AltNum\MediumDecV2</Filter>
    </ClInclude>
    <ClInclude Include="..\SharedCode\AltNum\AltNumDebug.hpp">
      <Filter>Header Files\AltNum</Filter>
    </ClInclude>
    <ClInclude Include="..\SharedCode\AltNum\AltNumModResult.hpp">
      <Filter>Header Files\AltNum</Filter>
    </ClInclude>
    <ClInclude Include="..\SharedCode\AltNum\FlaggedInt.hpp">
      <Filter>Header Files\AltNum</Filter>
    </ClInclude>
    <ClInclude Include="..\SharedCode\AltNum\IntegerConcept.hpp">
      <Filter>Header Files\AltNum</Filter>
    </ClInclude>
    <ClInclude Include="..\SharedCode\AltNum\MediumDecVariantConcept.hpp">
      <Filter>Header Files\AltNum</Filter>
    </ClInclude>
    <ClInclude Include="..\SharedCode\AltNum\PartialInt.hpp">
      <Filter>Header Files\AltNum</Filter>
    </ClInclude>
    <ClInclude Include="..\SharedCode\AltNum\RepType.h">
      <Filter>Header Files\AltNum</Filter>
    </ClInclude>
    <ClInclude Include="..\SharedCode\AltNum\VirtualTableBase.hpp">
      <Filter>Header Files\AltNum</Filter>
    </ClInclude>
  </ItemGroup>
</Project>